// !$*UTF8*$!
{
	archiveVersion = 1;
	classes = {
	};
	objectVersion = 55;
	objects = {

/* Begin PBXBuildFile section */
		830C3D1C29BC7D8600B13A9F /* Sparkle in Frameworks */ = {isa = PBXBuildFile; productRef = 830C3D1B29BC7D8600B13A9F /* Sparkle */; };
		830C3D1E29BC7DE200B13A9F /* CheckForUpdatesView.swift in Sources */ = {isa = PBXBuildFile; fileRef = 830C3D1D29BC7DE200B13A9F /* CheckForUpdatesView.swift */; };
		8315B0BD290E48F300AE7FDC /* StartupSettingsView.swift in Sources */ = {isa = PBXBuildFile; fileRef = 8315B0BC290E48F300AE7FDC /* StartupSettingsView.swift */; };
		831D2489293C9CE3005AC1CE /* MaaCore.xcframework in Frameworks */ = {isa = PBXBuildFile; fileRef = 831D2488293C9CE3005AC1CE /* MaaCore.xcframework */; };
		831D248A293C9CE3005AC1CE /* MaaCore.xcframework in Embed Frameworks */ = {isa = PBXBuildFile; fileRef = 831D2488293C9CE3005AC1CE /* MaaCore.xcframework */; settings = {ATTRIBUTES = (CodeSignOnCopy, RemoveHeadersOnCopy, ); }; };
		83264A2629EBC9C10074E33A /* ReclamationSettingsView.swift in Sources */ = {isa = PBXBuildFile; fileRef = 83264A2529EBC9C10074E33A /* ReclamationSettingsView.swift */; };
		83264A2929EBEBB00074E33A /* MAATaskConfiguration.swift in Sources */ = {isa = PBXBuildFile; fileRef = 83264A2829EBEBB00074E33A /* MAATaskConfiguration.swift */; };
		83264A2B29EBED780074E33A /* StartupConfiguration.swift in Sources */ = {isa = PBXBuildFile; fileRef = 83264A2A29EBED780074E33A /* StartupConfiguration.swift */; };
		83264A2D29EBEDD80074E33A /* FightConfiguration.swift in Sources */ = {isa = PBXBuildFile; fileRef = 83264A2C29EBEDD80074E33A /* FightConfiguration.swift */; };
		83264A2F29EBEE140074E33A /* RecruitConfiguration.swift in Sources */ = {isa = PBXBuildFile; fileRef = 83264A2E29EBEE140074E33A /* RecruitConfiguration.swift */; };
		83264A3129EBEE3C0074E33A /* InfrastConfiguration.swift in Sources */ = {isa = PBXBuildFile; fileRef = 83264A3029EBEE3C0074E33A /* InfrastConfiguration.swift */; };
		83264A3329EBEE680074E33A /* MallConfiguration.swift in Sources */ = {isa = PBXBuildFile; fileRef = 83264A3229EBEE680074E33A /* MallConfiguration.swift */; };
		83264A3529EBEE8D0074E33A /* AwardConfiguration.swift in Sources */ = {isa = PBXBuildFile; fileRef = 83264A3429EBEE8D0074E33A /* AwardConfiguration.swift */; };
		83264A3B29EC0F2E0074E33A /* LogView.swift in Sources */ = {isa = PBXBuildFile; fileRef = 83264A3A29EC0F2E0074E33A /* LogView.swift */; };
		83264A3E29EC22DE0074E33A /* MAAViewModel.swift in Sources */ = {isa = PBXBuildFile; fileRef = 83264A3D29EC22DE0074E33A /* MAAViewModel.swift */; };
		8329858A29ED121A009F7ED5 /* CopilotDetail.swift in Sources */ = {isa = PBXBuildFile; fileRef = 8329858929ED121A009F7ED5 /* CopilotDetail.swift */; };
		8329858C29EDA952009F7ED5 /* OpenLogFileView.swift in Sources */ = {isa = PBXBuildFile; fileRef = 8329858B29EDA8DB009F7ED5 /* OpenLogFileView.swift */; };
		8329859529EDB9EB009F7ED5 /* SwiftyJSON in Frameworks */ = {isa = PBXBuildFile; productRef = 8329859429EDB9EB009F7ED5 /* SwiftyJSON */; };
		8329859829EDFCA4009F7ED5 /* Introspect in Frameworks */ = {isa = PBXBuildFile; productRef = 8329859729EDFCA4009F7ED5 /* Introspect */; };
		832985AA29EE9958009F7ED5 /* RecruitView.swift in Sources */ = {isa = PBXBuildFile; fileRef = 832985A929EE9958009F7ED5 /* RecruitView.swift */; };
		832985AC29EE9977009F7ED5 /* DepotView.swift in Sources */ = {isa = PBXBuildFile; fileRef = 832985AB29EE9977009F7ED5 /* DepotView.swift */; };
		832985AE29EEE672009F7ED5 /* RecognitionContent.swift in Sources */ = {isa = PBXBuildFile; fileRef = 832985AD29EEE672009F7ED5 /* RecognitionContent.swift */; };
		832985B029EEF483009F7ED5 /* ReclamationConfiguration.swift in Sources */ = {isa = PBXBuildFile; fileRef = 832985AF29EEF483009F7ED5 /* ReclamationConfiguration.swift */; };
		832985B429EF1219009F7ED5 /* MAARecruit.swift in Sources */ = {isa = PBXBuildFile; fileRef = 832985B329EF1219009F7ED5 /* MAARecruit.swift */; };
		832985B629EF1890009F7ED5 /* MAADepot.swift in Sources */ = {isa = PBXBuildFile; fileRef = 832985B529EF1890009F7ED5 /* MAADepot.swift */; };
		832985B929EF9D50009F7ED5 /* MAAContent.swift in Sources */ = {isa = PBXBuildFile; fileRef = 832985B829EF9D50009F7ED5 /* MAAContent.swift */; };
		832985BB29EFA26D009F7ED5 /* TaskDetail.swift in Sources */ = {isa = PBXBuildFile; fileRef = 832985BA29EFA26D009F7ED5 /* TaskDetail.swift */; };
		832985BD29EFA43B009F7ED5 /* MAADetail.swift in Sources */ = {isa = PBXBuildFile; fileRef = 832985BC29EFA43B009F7ED5 /* MAADetail.swift */; };
		832985C129EFB665009F7ED5 /* RecognitionDetail.swift in Sources */ = {isa = PBXBuildFile; fileRef = 832985C029EFB665009F7ED5 /* RecognitionDetail.swift */; };
		8330225429F8D5B30025CE12 /* MAAHelperProtocol.swift in Sources */ = {isa = PBXBuildFile; fileRef = 8330225329F8D5B30025CE12 /* MAAHelperProtocol.swift */; };
		8330225629F8D5B30025CE12 /* MAAHelper.swift in Sources */ = {isa = PBXBuildFile; fileRef = 8330225529F8D5B30025CE12 /* MAAHelper.swift */; };
		8330225829F8D5B30025CE12 /* main.swift in Sources */ = {isa = PBXBuildFile; fileRef = 8330225729F8D5B30025CE12 /* main.swift */; };
		8330225D29F8D5B30025CE12 /* MAAHelper.xpc in Embed XPC Services */ = {isa = PBXBuildFile; fileRef = 8330225129F8D5B30025CE12 /* MAAHelper.xpc */; settings = {ATTRIBUTES = (RemoveHeadersOnCopy, ); }; };
		8330226229F8D7E90025CE12 /* MAAHelperProtocol.swift in Sources */ = {isa = PBXBuildFile; fileRef = 8330225329F8D5B30025CE12 /* MAAHelperProtocol.swift */; };
		8334777A28F3A14A00499D0A /* ConnectionSettingsView.swift in Sources */ = {isa = PBXBuildFile; fileRef = 8334777928F3A14A00499D0A /* ConnectionSettingsView.swift */; };
		833786CF28F188D800D39D6F /* MeoAsstMacApp.swift in Sources */ = {isa = PBXBuildFile; fileRef = 833786CE28F188D800D39D6F /* MeoAsstMacApp.swift */; };
		833786D328F188D900D39D6F /* Assets.xcassets in Resources */ = {isa = PBXBuildFile; fileRef = 833786D228F188D900D39D6F /* Assets.xcassets */; };
		833786D628F188D900D39D6F /* Preview Assets.xcassets in Resources */ = {isa = PBXBuildFile; fileRef = 833786D528F188D900D39D6F /* Preview Assets.xcassets */; };
		8337870228F1D95F00D39D6F /* Maa.swift in Sources */ = {isa = PBXBuildFile; fileRef = 8337870128F1D95F00D39D6F /* Maa.swift */; };
		8337871328F1E03C00D39D6F /* adb in Embed Helper Tools */ = {isa = PBXBuildFile; fileRef = 8337871128F1DFB900D39D6F /* adb */; settings = {ATTRIBUTES = (CodeSignOnCopy, ); }; };
		833F7B2A29A34C440001DB2D /* MaaDerpLearning.xcframework in Frameworks */ = {isa = PBXBuildFile; fileRef = 833F7B2929A34C430001DB2D /* MaaDerpLearning.xcframework */; };
		833F7B2B29A34C440001DB2D /* MaaDerpLearning.xcframework in Embed Frameworks */ = {isa = PBXBuildFile; fileRef = 833F7B2929A34C430001DB2D /* MaaDerpLearning.xcframework */; settings = {ATTRIBUTES = (CodeSignOnCopy, RemoveHeadersOnCopy, ); }; };
		8341195029EC249E00044F45 /* RoguelikeConfiguration.swift in Sources */ = {isa = PBXBuildFile; fileRef = 8341194F29EC249E00044F45 /* RoguelikeConfiguration.swift */; };
		8341195329EC25A900044F45 /* MAALog.swift in Sources */ = {isa = PBXBuildFile; fileRef = 8341195229EC25A900044F45 /* MAALog.swift */; };
		8341195529EC55C600044F45 /* CopilotConfiguration.swift in Sources */ = {isa = PBXBuildFile; fileRef = 8341195429EC55C600044F45 /* CopilotConfiguration.swift */; };
		8341195729EC58CF00044F45 /* MAACopilot.swift in Sources */ = {isa = PBXBuildFile; fileRef = 8341195629EC58CF00044F45 /* MAACopilot.swift */; };
		8341195D29EC719B00044F45 /* CopilotContent.swift in Sources */ = {isa = PBXBuildFile; fileRef = 8341195C29EC719B00044F45 /* CopilotContent.swift */; };
		83531D5F29F00F0A008A5DF8 /* CopilotView.swift in Sources */ = {isa = PBXBuildFile; fileRef = 83531D5E29F00F0A008A5DF8 /* CopilotView.swift */; };
		83531D6129F026E8008A5DF8 /* OrderedStore.swift in Sources */ = {isa = PBXBuildFile; fileRef = 83531D6029F026E8008A5DF8 /* OrderedStore.swift */; };
		83531D6329F0A033008A5DF8 /* MAAInfrast.swift in Sources */ = {isa = PBXBuildFile; fileRef = 83531D6229F0A033008A5DF8 /* MAAInfrast.swift */; };
		8355E7AE29E7F9DD005D5A1C /* ContentView.swift in Sources */ = {isa = PBXBuildFile; fileRef = 8355E7AD29E7F9DD005D5A1C /* ContentView.swift */; };
		8355E7B029E8722E005D5A1C /* TaskCell.swift in Sources */ = {isa = PBXBuildFile; fileRef = 8355E7AF29E8722E005D5A1C /* TaskCell.swift */; };
		8355E7B429E918A2005D5A1C /* TasksContent.swift in Sources */ = {isa = PBXBuildFile; fileRef = 8355E7B329E918A2005D5A1C /* TasksContent.swift */; };
		8355E7B829E9E2B2005D5A1C /* Sidebar.swift in Sources */ = {isa = PBXBuildFile; fileRef = 8355E7B729E9E2B2005D5A1C /* Sidebar.swift */; };
		83661E2929F62984007793CA /* Localizable.strings in Resources */ = {isa = PBXBuildFile; fileRef = 832985A629EE0D6F009F7ED5 /* Localizable.strings */; };
		83661E2C29F77CFF007793CA /* VideoRecogView.swift in Sources */ = {isa = PBXBuildFile; fileRef = 83661E2B29F77CFF007793CA /* VideoRecogView.swift */; };
		8366DE0129F2F26100F715E8 /* OperBoxView.swift in Sources */ = {isa = PBXBuildFile; fileRef = 8366DE0029F2F26100F715E8 /* OperBoxView.swift */; };
		8366DE0329F2F34100F715E8 /* MAAOperBox.swift in Sources */ = {isa = PBXBuildFile; fileRef = 8366DE0229F2F34100F715E8 /* MAAOperBox.swift */; };
		8383EA2D28F2AF23007DAB9D /* MaaMessage.swift in Sources */ = {isa = PBXBuildFile; fileRef = 8383EA2C28F2AF23007DAB9D /* MaaMessage.swift */; };
		8383EA2F28F2C5BD007DAB9D /* FightSettingsView.swift in Sources */ = {isa = PBXBuildFile; fileRef = 8383EA2E28F2C5BD007DAB9D /* FightSettingsView.swift */; };
		83CFD47129EAACD7000428A1 /* MAATask.swift in Sources */ = {isa = PBXBuildFile; fileRef = 83CFD47029EAACD7000428A1 /* MAATask.swift */; };
		83D3283128F2E7A600018D10 /* RecruitSettingsView.swift in Sources */ = {isa = PBXBuildFile; fileRef = 83D3283028F2E7A600018D10 /* RecruitSettingsView.swift */; };
		83D3283328F2F1BE00018D10 /* MallSettingsView.swift in Sources */ = {isa = PBXBuildFile; fileRef = 83D3283228F2F1BE00018D10 /* MallSettingsView.swift */; };
		83D3283728F2FA5B00018D10 /* InfrastSettingsView.swift in Sources */ = {isa = PBXBuildFile; fileRef = 83D3283628F2FA5B00018D10 /* InfrastSettingsView.swift */; };
		83D3283928F3048E00018D10 /* RoguelikeSettingsView.swift in Sources */ = {isa = PBXBuildFile; fileRef = 83D3283828F3048E00018D10 /* RoguelikeSettingsView.swift */; };
		83DD50B729BE393C000E84E7 /* UpdaterSettingsView.swift in Sources */ = {isa = PBXBuildFile; fileRef = 83DD50B629BE385A000E84E7 /* UpdaterSettingsView.swift */; };
		83E9D137294B74440091D1FF /* OpenCV.xcframework in Frameworks */ = {isa = PBXBuildFile; fileRef = 83E9D133294B74230091D1FF /* OpenCV.xcframework */; };
		83E9D138294B74440091D1FF /* OpenCV.xcframework in Embed Frameworks */ = {isa = PBXBuildFile; fileRef = 83E9D133294B74230091D1FF /* OpenCV.xcframework */; settings = {ATTRIBUTES = (CodeSignOnCopy, RemoveHeadersOnCopy, ); }; };
		83E9D139294B74460091D1FF /* ONNXRuntime.xcframework in Frameworks */ = {isa = PBXBuildFile; fileRef = 83E9D135294B74270091D1FF /* ONNXRuntime.xcframework */; };
		83E9D13A294B74460091D1FF /* ONNXRuntime.xcframework in Embed Frameworks */ = {isa = PBXBuildFile; fileRef = 83E9D135294B74270091D1FF /* ONNXRuntime.xcframework */; settings = {ATTRIBUTES = (CodeSignOnCopy, RemoveHeadersOnCopy, ); }; };
		83FF5A9C2978FE27000AE831 /* resource in Resources */ = {isa = PBXBuildFile; fileRef = 83FF5A9B2978FE27000AE831 /* resource */; };
/* End PBXBuildFile section */

/* Begin PBXContainerItemProxy section */
		8330225B29F8D5B30025CE12 /* PBXContainerItemProxy */ = {
			isa = PBXContainerItemProxy;
			containerPortal = 833786C328F188D800D39D6F /* Project object */;
			proxyType = 1;
			remoteGlobalIDString = 8330225029F8D5B30025CE12;
			remoteInfo = MAAHelper;
		};
/* End PBXContainerItemProxy section */

/* Begin PBXCopyFilesBuildPhase section */
		83245A0528F467C400ED6D4C /* Embed Frameworks */ = {
			isa = PBXCopyFilesBuildPhase;
			buildActionMask = 2147483647;
			dstPath = "";
			dstSubfolderSpec = 10;
			files = (
				833F7B2B29A34C440001DB2D /* MaaDerpLearning.xcframework in Embed Frameworks */,
				831D248A293C9CE3005AC1CE /* MaaCore.xcframework in Embed Frameworks */,
				83E9D13A294B74460091D1FF /* ONNXRuntime.xcframework in Embed Frameworks */,
				83E9D138294B74440091D1FF /* OpenCV.xcframework in Embed Frameworks */,
			);
			name = "Embed Frameworks";
			runOnlyForDeploymentPostprocessing = 0;
		};
		8330225E29F8D5B30025CE12 /* Embed XPC Services */ = {
			isa = PBXCopyFilesBuildPhase;
			buildActionMask = 2147483647;
			dstPath = "$(CONTENTS_FOLDER_PATH)/XPCServices";
			dstSubfolderSpec = 16;
			files = (
				8330225D29F8D5B30025CE12 /* MAAHelper.xpc in Embed XPC Services */,
			);
			name = "Embed XPC Services";
			runOnlyForDeploymentPostprocessing = 0;
		};
		8337870D28F1DD8800D39D6F /* Embed Helper Tools */ = {
			isa = PBXCopyFilesBuildPhase;
			buildActionMask = 2147483647;
			dstPath = "";
			dstSubfolderSpec = 6;
			files = (
				8337871328F1E03C00D39D6F /* adb in Embed Helper Tools */,
			);
			name = "Embed Helper Tools";
			runOnlyForDeploymentPostprocessing = 0;
		};
/* End PBXCopyFilesBuildPhase section */

/* Begin PBXFileReference section */
		830C3D1D29BC7DE200B13A9F /* CheckForUpdatesView.swift */ = {isa = PBXFileReference; lastKnownFileType = sourcecode.swift; path = CheckForUpdatesView.swift; sourceTree = "<group>"; };
		830C3D1F29BC86EE00B13A9F /* Info.plist */ = {isa = PBXFileReference; lastKnownFileType = text.plist.xml; path = Info.plist; sourceTree = "<group>"; };
		8315B0BC290E48F300AE7FDC /* StartupSettingsView.swift */ = {isa = PBXFileReference; lastKnownFileType = sourcecode.swift; path = StartupSettingsView.swift; sourceTree = "<group>"; };
		831D2488293C9CE3005AC1CE /* MaaCore.xcframework */ = {isa = PBXFileReference; lastKnownFileType = wrapper.xcframework; name = MaaCore.xcframework; path = ../../build/MaaCore.xcframework; sourceTree = "<group>"; };
		83264A2529EBC9C10074E33A /* ReclamationSettingsView.swift */ = {isa = PBXFileReference; lastKnownFileType = sourcecode.swift; path = ReclamationSettingsView.swift; sourceTree = "<group>"; };
		83264A2829EBEBB00074E33A /* MAATaskConfiguration.swift */ = {isa = PBXFileReference; lastKnownFileType = sourcecode.swift; path = MAATaskConfiguration.swift; sourceTree = "<group>"; };
		83264A2A29EBED780074E33A /* StartupConfiguration.swift */ = {isa = PBXFileReference; lastKnownFileType = sourcecode.swift; path = StartupConfiguration.swift; sourceTree = "<group>"; };
		83264A2C29EBEDD80074E33A /* FightConfiguration.swift */ = {isa = PBXFileReference; lastKnownFileType = sourcecode.swift; path = FightConfiguration.swift; sourceTree = "<group>"; };
		83264A2E29EBEE140074E33A /* RecruitConfiguration.swift */ = {isa = PBXFileReference; lastKnownFileType = sourcecode.swift; path = RecruitConfiguration.swift; sourceTree = "<group>"; };
		83264A3029EBEE3C0074E33A /* InfrastConfiguration.swift */ = {isa = PBXFileReference; lastKnownFileType = sourcecode.swift; path = InfrastConfiguration.swift; sourceTree = "<group>"; };
		83264A3229EBEE680074E33A /* MallConfiguration.swift */ = {isa = PBXFileReference; lastKnownFileType = sourcecode.swift; path = MallConfiguration.swift; sourceTree = "<group>"; };
		83264A3429EBEE8D0074E33A /* AwardConfiguration.swift */ = {isa = PBXFileReference; lastKnownFileType = sourcecode.swift; path = AwardConfiguration.swift; sourceTree = "<group>"; };
		83264A3A29EC0F2E0074E33A /* LogView.swift */ = {isa = PBXFileReference; lastKnownFileType = sourcecode.swift; path = LogView.swift; sourceTree = "<group>"; };
		83264A3D29EC22DE0074E33A /* MAAViewModel.swift */ = {isa = PBXFileReference; lastKnownFileType = sourcecode.swift; path = MAAViewModel.swift; sourceTree = "<group>"; };
		8329858929ED121A009F7ED5 /* CopilotDetail.swift */ = {isa = PBXFileReference; lastKnownFileType = sourcecode.swift; path = CopilotDetail.swift; sourceTree = "<group>"; };
		8329858B29EDA8DB009F7ED5 /* OpenLogFileView.swift */ = {isa = PBXFileReference; lastKnownFileType = sourcecode.swift; path = OpenLogFileView.swift; sourceTree = "<group>"; };
		832985A529EE0D6F009F7ED5 /* zh-Hans */ = {isa = PBXFileReference; lastKnownFileType = text.plist.strings; name = "zh-Hans"; path = "zh-Hans.lproj/Localizable.strings"; sourceTree = "<group>"; };
		832985A929EE9958009F7ED5 /* RecruitView.swift */ = {isa = PBXFileReference; lastKnownFileType = sourcecode.swift; path = RecruitView.swift; sourceTree = "<group>"; };
		832985AB29EE9977009F7ED5 /* DepotView.swift */ = {isa = PBXFileReference; lastKnownFileType = sourcecode.swift; path = DepotView.swift; sourceTree = "<group>"; };
		832985AD29EEE672009F7ED5 /* RecognitionContent.swift */ = {isa = PBXFileReference; lastKnownFileType = sourcecode.swift; path = RecognitionContent.swift; sourceTree = "<group>"; };
		832985AF29EEF483009F7ED5 /* ReclamationConfiguration.swift */ = {isa = PBXFileReference; lastKnownFileType = sourcecode.swift; path = ReclamationConfiguration.swift; sourceTree = "<group>"; };
		832985B329EF1219009F7ED5 /* MAARecruit.swift */ = {isa = PBXFileReference; lastKnownFileType = sourcecode.swift; path = MAARecruit.swift; sourceTree = "<group>"; };
		832985B529EF1890009F7ED5 /* MAADepot.swift */ = {isa = PBXFileReference; lastKnownFileType = sourcecode.swift; path = MAADepot.swift; sourceTree = "<group>"; };
		832985B829EF9D50009F7ED5 /* MAAContent.swift */ = {isa = PBXFileReference; lastKnownFileType = sourcecode.swift; path = MAAContent.swift; sourceTree = "<group>"; };
		832985BA29EFA26D009F7ED5 /* TaskDetail.swift */ = {isa = PBXFileReference; lastKnownFileType = sourcecode.swift; path = TaskDetail.swift; sourceTree = "<group>"; };
		832985BC29EFA43B009F7ED5 /* MAADetail.swift */ = {isa = PBXFileReference; lastKnownFileType = sourcecode.swift; path = MAADetail.swift; sourceTree = "<group>"; };
		832985C029EFB665009F7ED5 /* RecognitionDetail.swift */ = {isa = PBXFileReference; lastKnownFileType = sourcecode.swift; path = RecognitionDetail.swift; sourceTree = "<group>"; };
		8330225129F8D5B30025CE12 /* MAAHelper.xpc */ = {isa = PBXFileReference; explicitFileType = "wrapper.xpc-service"; includeInIndex = 0; path = MAAHelper.xpc; sourceTree = BUILT_PRODUCTS_DIR; };
		8330225329F8D5B30025CE12 /* MAAHelperProtocol.swift */ = {isa = PBXFileReference; lastKnownFileType = sourcecode.swift; path = MAAHelperProtocol.swift; sourceTree = "<group>"; };
		8330225529F8D5B30025CE12 /* MAAHelper.swift */ = {isa = PBXFileReference; lastKnownFileType = sourcecode.swift; path = MAAHelper.swift; sourceTree = "<group>"; };
		8330225729F8D5B30025CE12 /* main.swift */ = {isa = PBXFileReference; lastKnownFileType = sourcecode.swift; path = main.swift; sourceTree = "<group>"; };
		8330225929F8D5B30025CE12 /* Info.plist */ = {isa = PBXFileReference; lastKnownFileType = text.plist.xml; path = Info.plist; sourceTree = "<group>"; };
		8334777928F3A14A00499D0A /* ConnectionSettingsView.swift */ = {isa = PBXFileReference; lastKnownFileType = sourcecode.swift; path = ConnectionSettingsView.swift; sourceTree = "<group>"; };
		833786CB28F188D800D39D6F /* MAA.app */ = {isa = PBXFileReference; explicitFileType = wrapper.application; includeInIndex = 0; path = MAA.app; sourceTree = BUILT_PRODUCTS_DIR; };
		833786CE28F188D800D39D6F /* MeoAsstMacApp.swift */ = {isa = PBXFileReference; lastKnownFileType = sourcecode.swift; path = MeoAsstMacApp.swift; sourceTree = "<group>"; };
		833786D228F188D900D39D6F /* Assets.xcassets */ = {isa = PBXFileReference; lastKnownFileType = folder.assetcatalog; path = Assets.xcassets; sourceTree = "<group>"; };
		833786D528F188D900D39D6F /* Preview Assets.xcassets */ = {isa = PBXFileReference; lastKnownFileType = folder.assetcatalog; path = "Preview Assets.xcassets"; sourceTree = "<group>"; };
		833786D728F188D900D39D6F /* MeoAsstMac.entitlements */ = {isa = PBXFileReference; lastKnownFileType = text.plist.entitlements; path = MeoAsstMac.entitlements; sourceTree = "<group>"; };
		8337870128F1D95F00D39D6F /* Maa.swift */ = {isa = PBXFileReference; lastKnownFileType = sourcecode.swift; path = Maa.swift; sourceTree = "<group>"; };
		8337871128F1DFB900D39D6F /* adb */ = {isa = PBXFileReference; lastKnownFileType = "compiled.mach-o.executable"; path = adb; sourceTree = "<group>"; };
		8337871228F1DFC100D39D6F /* adb.entitlements */ = {isa = PBXFileReference; lastKnownFileType = text.plist.entitlements; path = adb.entitlements; sourceTree = "<group>"; };
		833F7B2929A34C430001DB2D /* MaaDerpLearning.xcframework */ = {isa = PBXFileReference; lastKnownFileType = wrapper.xcframework; name = MaaDerpLearning.xcframework; path = ../../build/MaaDerpLearning.xcframework; sourceTree = "<group>"; };
		8341194F29EC249E00044F45 /* RoguelikeConfiguration.swift */ = {isa = PBXFileReference; lastKnownFileType = sourcecode.swift; path = RoguelikeConfiguration.swift; sourceTree = "<group>"; };
		8341195229EC25A900044F45 /* MAALog.swift */ = {isa = PBXFileReference; lastKnownFileType = sourcecode.swift; path = MAALog.swift; sourceTree = "<group>"; };
		8341195429EC55C600044F45 /* CopilotConfiguration.swift */ = {isa = PBXFileReference; lastKnownFileType = sourcecode.swift; path = CopilotConfiguration.swift; sourceTree = "<group>"; };
		8341195629EC58CF00044F45 /* MAACopilot.swift */ = {isa = PBXFileReference; lastKnownFileType = sourcecode.swift; path = MAACopilot.swift; sourceTree = "<group>"; };
		8341195C29EC719B00044F45 /* CopilotContent.swift */ = {isa = PBXFileReference; lastKnownFileType = sourcecode.swift; path = CopilotContent.swift; sourceTree = "<group>"; };
		83531D5E29F00F0A008A5DF8 /* CopilotView.swift */ = {isa = PBXFileReference; lastKnownFileType = sourcecode.swift; path = CopilotView.swift; sourceTree = "<group>"; };
		83531D6029F026E8008A5DF8 /* OrderedStore.swift */ = {isa = PBXFileReference; lastKnownFileType = sourcecode.swift; path = OrderedStore.swift; sourceTree = "<group>"; };
		83531D6229F0A033008A5DF8 /* MAAInfrast.swift */ = {isa = PBXFileReference; lastKnownFileType = sourcecode.swift; path = MAAInfrast.swift; sourceTree = "<group>"; };
		8355E7AD29E7F9DD005D5A1C /* ContentView.swift */ = {isa = PBXFileReference; lastKnownFileType = sourcecode.swift; path = ContentView.swift; sourceTree = "<group>"; };
		8355E7AF29E8722E005D5A1C /* TaskCell.swift */ = {isa = PBXFileReference; lastKnownFileType = sourcecode.swift; path = TaskCell.swift; sourceTree = "<group>"; };
		8355E7B329E918A2005D5A1C /* TasksContent.swift */ = {isa = PBXFileReference; lastKnownFileType = sourcecode.swift; path = TasksContent.swift; sourceTree = "<group>"; };
		8355E7B729E9E2B2005D5A1C /* Sidebar.swift */ = {isa = PBXFileReference; lastKnownFileType = sourcecode.swift; path = Sidebar.swift; sourceTree = "<group>"; };
		83661E2B29F77CFF007793CA /* VideoRecogView.swift */ = {isa = PBXFileReference; lastKnownFileType = sourcecode.swift; path = VideoRecogView.swift; sourceTree = "<group>"; };
		8366DE0029F2F26100F715E8 /* OperBoxView.swift */ = {isa = PBXFileReference; lastKnownFileType = sourcecode.swift; path = OperBoxView.swift; sourceTree = "<group>"; };
		8366DE0229F2F34100F715E8 /* MAAOperBox.swift */ = {isa = PBXFileReference; lastKnownFileType = sourcecode.swift; path = MAAOperBox.swift; sourceTree = "<group>"; };
		8368855029BD851F00C5B999 /* Version.xcconfig */ = {isa = PBXFileReference; lastKnownFileType = text.xcconfig; path = Version.xcconfig; sourceTree = "<group>"; };
		8383EA2C28F2AF23007DAB9D /* MaaMessage.swift */ = {isa = PBXFileReference; lastKnownFileType = sourcecode.swift; path = MaaMessage.swift; sourceTree = "<group>"; };
		8383EA2E28F2C5BD007DAB9D /* FightSettingsView.swift */ = {isa = PBXFileReference; lastKnownFileType = sourcecode.swift; path = FightSettingsView.swift; sourceTree = "<group>"; };
		83CFD47029EAACD7000428A1 /* MAATask.swift */ = {isa = PBXFileReference; lastKnownFileType = sourcecode.swift; path = MAATask.swift; sourceTree = "<group>"; };
		83D3283028F2E7A600018D10 /* RecruitSettingsView.swift */ = {isa = PBXFileReference; lastKnownFileType = sourcecode.swift; path = RecruitSettingsView.swift; sourceTree = "<group>"; };
		83D3283228F2F1BE00018D10 /* MallSettingsView.swift */ = {isa = PBXFileReference; lastKnownFileType = sourcecode.swift; path = MallSettingsView.swift; sourceTree = "<group>"; };
		83D3283628F2FA5B00018D10 /* InfrastSettingsView.swift */ = {isa = PBXFileReference; lastKnownFileType = sourcecode.swift; path = InfrastSettingsView.swift; sourceTree = "<group>"; };
		83D3283828F3048E00018D10 /* RoguelikeSettingsView.swift */ = {isa = PBXFileReference; lastKnownFileType = sourcecode.swift; path = RoguelikeSettingsView.swift; sourceTree = "<group>"; };
		83DD50B629BE385A000E84E7 /* UpdaterSettingsView.swift */ = {isa = PBXFileReference; lastKnownFileType = sourcecode.swift; path = UpdaterSettingsView.swift; sourceTree = "<group>"; };
		83E9D133294B74230091D1FF /* OpenCV.xcframework */ = {isa = PBXFileReference; lastKnownFileType = wrapper.xcframework; name = OpenCV.xcframework; path = ../../build/OpenCV.xcframework; sourceTree = "<group>"; };
		83E9D135294B74270091D1FF /* ONNXRuntime.xcframework */ = {isa = PBXFileReference; lastKnownFileType = wrapper.xcframework; name = ONNXRuntime.xcframework; path = ../../build/ONNXRuntime.xcframework; sourceTree = "<group>"; };
		83FF5A9B2978FE27000AE831 /* resource */ = {isa = PBXFileReference; lastKnownFileType = folder; name = resource; path = ../../../../resource; sourceTree = "<group>"; };
/* End PBXFileReference section */

/* Begin PBXFrameworksBuildPhase section */
		8330224E29F8D5B30025CE12 /* Frameworks */ = {
			isa = PBXFrameworksBuildPhase;
			buildActionMask = 2147483647;
			files = (
			);
			runOnlyForDeploymentPostprocessing = 0;
		};
		833786C828F188D800D39D6F /* Frameworks */ = {
			isa = PBXFrameworksBuildPhase;
			buildActionMask = 2147483647;
			files = (
				8329859529EDB9EB009F7ED5 /* SwiftyJSON in Frameworks */,
				830C3D1C29BC7D8600B13A9F /* Sparkle in Frameworks */,
				833F7B2A29A34C440001DB2D /* MaaDerpLearning.xcframework in Frameworks */,
				831D2489293C9CE3005AC1CE /* MaaCore.xcframework in Frameworks */,
				8329859829EDFCA4009F7ED5 /* Introspect in Frameworks */,
				83E9D139294B74460091D1FF /* ONNXRuntime.xcframework in Frameworks */,
				83E9D137294B74440091D1FF /* OpenCV.xcframework in Frameworks */,
			);
			runOnlyForDeploymentPostprocessing = 0;
		};
/* End PBXFrameworksBuildPhase section */

/* Begin PBXGroup section */
		83245A0128F467C300ED6D4C /* Frameworks */ = {
			isa = PBXGroup;
			children = (
				831D2488293C9CE3005AC1CE /* MaaCore.xcframework */,
				833F7B2929A34C430001DB2D /* MaaDerpLearning.xcframework */,
				83E9D135294B74270091D1FF /* ONNXRuntime.xcframework */,
				83E9D133294B74230091D1FF /* OpenCV.xcframework */,
			);
			name = Frameworks;
			sourceTree = "<group>";
		};
		83264A2729EBEB9B0074E33A /* Task Configurations */ = {
			isa = PBXGroup;
			children = (
				83264A2829EBEBB00074E33A /* MAATaskConfiguration.swift */,
				83264A2A29EBED780074E33A /* StartupConfiguration.swift */,
				83264A2C29EBEDD80074E33A /* FightConfiguration.swift */,
				83264A2E29EBEE140074E33A /* RecruitConfiguration.swift */,
				83264A3029EBEE3C0074E33A /* InfrastConfiguration.swift */,
				83264A3229EBEE680074E33A /* MallConfiguration.swift */,
				83264A3429EBEE8D0074E33A /* AwardConfiguration.swift */,
				8341194F29EC249E00044F45 /* RoguelikeConfiguration.swift */,
				8341195429EC55C600044F45 /* CopilotConfiguration.swift */,
				832985AF29EEF483009F7ED5 /* ReclamationConfiguration.swift */,
			);
			path = "Task Configurations";
			sourceTree = "<group>";
		};
		83264A3629EBF0700074E33A /* Configuration Views */ = {
			isa = PBXGroup;
			children = (
				8315B0BC290E48F300AE7FDC /* StartupSettingsView.swift */,
				83D3283028F2E7A600018D10 /* RecruitSettingsView.swift */,
				83D3283628F2FA5B00018D10 /* InfrastSettingsView.swift */,
				8383EA2E28F2C5BD007DAB9D /* FightSettingsView.swift */,
				83D3283228F2F1BE00018D10 /* MallSettingsView.swift */,
				83D3283828F3048E00018D10 /* RoguelikeSettingsView.swift */,
				83264A2529EBC9C10074E33A /* ReclamationSettingsView.swift */,
			);
			path = "Configuration Views";
			sourceTree = "<group>";
		};
		8329858D29EDAC1C009F7ED5 /* Main Menu */ = {
			isa = PBXGroup;
			children = (
				830C3D1D29BC7DE200B13A9F /* CheckForUpdatesView.swift */,
				8329858B29EDA8DB009F7ED5 /* OpenLogFileView.swift */,
			);
			path = "Main Menu";
			sourceTree = "<group>";
		};
		8329858E29EDAC7B009F7ED5 /* Views */ = {
			isa = PBXGroup;
			children = (
				83264A3A29EC0F2E0074E33A /* LogView.swift */,
				8355E7AF29E8722E005D5A1C /* TaskCell.swift */,
				832985A929EE9958009F7ED5 /* RecruitView.swift */,
				832985AB29EE9977009F7ED5 /* DepotView.swift */,
				83531D5E29F00F0A008A5DF8 /* CopilotView.swift */,
				8366DE0029F2F26100F715E8 /* OperBoxView.swift */,
				83661E2B29F77CFF007793CA /* VideoRecogView.swift */,
			);
			path = Views;
			sourceTree = "<group>";
		};
		8329858F29EDAC91009F7ED5 /* Core */ = {
			isa = PBXGroup;
			children = (
				8337870128F1D95F00D39D6F /* Maa.swift */,
				8383EA2C28F2AF23007DAB9D /* MaaMessage.swift */,
			);
			path = Core;
			sourceTree = "<group>";
		};
		832985B729EF98D0009F7ED5 /* Navigation */ = {
			isa = PBXGroup;
			children = (
				8355E7AD29E7F9DD005D5A1C /* ContentView.swift */,
				8355E7B729E9E2B2005D5A1C /* Sidebar.swift */,
				832985B829EF9D50009F7ED5 /* MAAContent.swift */,
				832985BC29EFA43B009F7ED5 /* MAADetail.swift */,
				8355E7B329E918A2005D5A1C /* TasksContent.swift */,
				8341195C29EC719B00044F45 /* CopilotContent.swift */,
				832985AD29EEE672009F7ED5 /* RecognitionContent.swift */,
				832985BA29EFA26D009F7ED5 /* TaskDetail.swift */,
				8329858929ED121A009F7ED5 /* CopilotDetail.swift */,
				832985C029EFB665009F7ED5 /* RecognitionDetail.swift */,
			);
			path = Navigation;
			sourceTree = "<group>";
		};
		8330225229F8D5B30025CE12 /* MAAHelper */ = {
			isa = PBXGroup;
			children = (
				8330225329F8D5B30025CE12 /* MAAHelperProtocol.swift */,
				8330225529F8D5B30025CE12 /* MAAHelper.swift */,
				8330225729F8D5B30025CE12 /* main.swift */,
				8330225929F8D5B30025CE12 /* Info.plist */,
			);
			path = MAAHelper;
			sourceTree = "<group>";
		};
		833786C228F188D800D39D6F = {
			isa = PBXGroup;
			children = (
				8337871028F1DF4A00D39D6F /* ExternalTools */,
				833786CD28F188D800D39D6F /* MeoAsstMac */,
				8330225229F8D5B30025CE12 /* MAAHelper */,
				83661E2529F628DA007793CA /* Resources */,
				8368855029BD851F00C5B999 /* Version.xcconfig */,
				833786CC28F188D800D39D6F /* Products */,
				83245A0128F467C300ED6D4C /* Frameworks */,
			);
			sourceTree = "<group>";
		};
		833786CC28F188D800D39D6F /* Products */ = {
			isa = PBXGroup;
			children = (
				833786CB28F188D800D39D6F /* MAA.app */,
				8330225129F8D5B30025CE12 /* MAAHelper.xpc */,
			);
			name = Products;
			sourceTree = "<group>";
		};
		833786CD28F188D800D39D6F /* MeoAsstMac */ = {
			isa = PBXGroup;
			children = (
				833786CE28F188D800D39D6F /* MeoAsstMacApp.swift */,
				8329858F29EDAC91009F7ED5 /* Core */,
				8341195129EC258D00044F45 /* Model */,
				8329858E29EDAC7B009F7ED5 /* Views */,
				832985B729EF98D0009F7ED5 /* Navigation */,
				8329858D29EDAC1C009F7ED5 /* Main Menu */,
				83264A3629EBF0700074E33A /* Configuration Views */,
				83264A2729EBEB9B0074E33A /* Task Configurations */,
				83FF5A98297855E5000AE831 /* Settings */,
				8337870728F1DA7B00D39D6F /* Resources */,
				833786D228F188D900D39D6F /* Assets.xcassets */,
				830C3D1F29BC86EE00B13A9F /* Info.plist */,
				833786D728F188D900D39D6F /* MeoAsstMac.entitlements */,
				833786D428F188D900D39D6F /* Preview Content */,
			);
			path = MeoAsstMac;
			sourceTree = "<group>";
		};
		833786D428F188D900D39D6F /* Preview Content */ = {
			isa = PBXGroup;
			children = (
				833786D528F188D900D39D6F /* Preview Assets.xcassets */,
			);
			path = "Preview Content";
			sourceTree = "<group>";
		};
		8337870728F1DA7B00D39D6F /* Resources */ = {
			isa = PBXGroup;
			children = (
				83FF5A9B2978FE27000AE831 /* resource */,
			);
			path = Resources;
			sourceTree = "<group>";
		};
		8337871028F1DF4A00D39D6F /* ExternalTools */ = {
			isa = PBXGroup;
			children = (
				8337871128F1DFB900D39D6F /* adb */,
				8337871228F1DFC100D39D6F /* adb.entitlements */,
			);
			path = ExternalTools;
			sourceTree = "<group>";
		};
		8341195129EC258D00044F45 /* Model */ = {
			isa = PBXGroup;
			children = (
				8341195629EC58CF00044F45 /* MAACopilot.swift */,
				832985B529EF1890009F7ED5 /* MAADepot.swift */,
				83531D6229F0A033008A5DF8 /* MAAInfrast.swift */,
				8341195229EC25A900044F45 /* MAALog.swift */,
				8366DE0229F2F34100F715E8 /* MAAOperBox.swift */,
				832985B329EF1219009F7ED5 /* MAARecruit.swift */,
				83CFD47029EAACD7000428A1 /* MAATask.swift */,
				83264A3D29EC22DE0074E33A /* MAAViewModel.swift */,
				83531D6029F026E8008A5DF8 /* OrderedStore.swift */,
			);
			path = Model;
			sourceTree = "<group>";
		};
		83661E2529F628DA007793CA /* Resources */ = {
			isa = PBXGroup;
			children = (
				832985A629EE0D6F009F7ED5 /* Localizable.strings */,
			);
			path = Resources;
			sourceTree = "<group>";
		};
		83FF5A98297855E5000AE831 /* Settings */ = {
			isa = PBXGroup;
			children = (
				8334777928F3A14A00499D0A /* ConnectionSettingsView.swift */,
				83DD50B629BE385A000E84E7 /* UpdaterSettingsView.swift */,
			);
			path = Settings;
			sourceTree = "<group>";
		};
/* End PBXGroup section */

/* Begin PBXNativeTarget section */
		8330225029F8D5B30025CE12 /* MAAHelper */ = {
			isa = PBXNativeTarget;
			buildConfigurationList = 8330226129F8D5B30025CE12 /* Build configuration list for PBXNativeTarget "MAAHelper" */;
			buildPhases = (
				8330224D29F8D5B30025CE12 /* Sources */,
				8330224E29F8D5B30025CE12 /* Frameworks */,
				8330224F29F8D5B30025CE12 /* Resources */,
			);
			buildRules = (
			);
			dependencies = (
			);
			name = MAAHelper;
			productName = MAAHelper;
			productReference = 8330225129F8D5B30025CE12 /* MAAHelper.xpc */;
			productType = "com.apple.product-type.xpc-service";
		};
		833786CA28F188D800D39D6F /* MAA */ = {
			isa = PBXNativeTarget;
			buildConfigurationList = 833786DA28F188D900D39D6F /* Build configuration list for PBXNativeTarget "MAA" */;
			buildPhases = (
				833786C728F188D800D39D6F /* Sources */,
				833786C828F188D800D39D6F /* Frameworks */,
				833786C928F188D800D39D6F /* Resources */,
				83245A0528F467C400ED6D4C /* Embed Frameworks */,
				8337870D28F1DD8800D39D6F /* Embed Helper Tools */,
				8330225E29F8D5B30025CE12 /* Embed XPC Services */,
			);
			buildRules = (
			);
			dependencies = (
				8330225C29F8D5B30025CE12 /* PBXTargetDependency */,
			);
			name = MAA;
			packageProductDependencies = (
				830C3D1B29BC7D8600B13A9F /* Sparkle */,
				8329859429EDB9EB009F7ED5 /* SwiftyJSON */,
				8329859729EDFCA4009F7ED5 /* Introspect */,
			);
			productName = MeoAsstMac;
			productReference = 833786CB28F188D800D39D6F /* MAA.app */;
			productType = "com.apple.product-type.application";
		};
/* End PBXNativeTarget section */

/* Begin PBXProject section */
		833786C328F188D800D39D6F /* Project object */ = {
			isa = PBXProject;
			attributes = {
				BuildIndependentTargetsInParallel = 1;
				LastSwiftUpdateCheck = 1430;
				LastUpgradeCheck = 1420;
				TargetAttributes = {
					8330225029F8D5B30025CE12 = {
						CreatedOnToolsVersion = 14.3;
					};
					833786CA28F188D800D39D6F = {
						CreatedOnToolsVersion = 14.0.1;
					};
				};
			};
			buildConfigurationList = 833786C628F188D800D39D6F /* Build configuration list for PBXProject "MeoAsstMac" */;
			compatibilityVersion = "Xcode 13.0";
			developmentRegion = "zh-Hans";
			hasScannedForEncodings = 0;
			knownRegions = (
				en,
				Base,
				"zh-Hans",
			);
			mainGroup = 833786C228F188D800D39D6F;
			packageReferences = (
				830C3D1A29BC7D8600B13A9F /* XCRemoteSwiftPackageReference "Sparkle" */,
				8329859329EDB9EB009F7ED5 /* XCRemoteSwiftPackageReference "SwiftyJSON" */,
				8329859629EDFCA4009F7ED5 /* XCRemoteSwiftPackageReference "SwiftUI-Introspect" */,
			);
			productRefGroup = 833786CC28F188D800D39D6F /* Products */;
			projectDirPath = "";
			projectRoot = "";
			targets = (
				833786CA28F188D800D39D6F /* MAA */,
				8330225029F8D5B30025CE12 /* MAAHelper */,
			);
		};
/* End PBXProject section */

/* Begin PBXResourcesBuildPhase section */
		8330224F29F8D5B30025CE12 /* Resources */ = {
			isa = PBXResourcesBuildPhase;
			buildActionMask = 2147483647;
			files = (
			);
			runOnlyForDeploymentPostprocessing = 0;
		};
		833786C928F188D800D39D6F /* Resources */ = {
			isa = PBXResourcesBuildPhase;
			buildActionMask = 2147483647;
			files = (
				83661E2929F62984007793CA /* Localizable.strings in Resources */,
				83FF5A9C2978FE27000AE831 /* resource in Resources */,
				833786D628F188D900D39D6F /* Preview Assets.xcassets in Resources */,
				833786D328F188D900D39D6F /* Assets.xcassets in Resources */,
			);
			runOnlyForDeploymentPostprocessing = 0;
		};
/* End PBXResourcesBuildPhase section */

/* Begin PBXSourcesBuildPhase section */
		8330224D29F8D5B30025CE12 /* Sources */ = {
			isa = PBXSourcesBuildPhase;
			buildActionMask = 2147483647;
			files = (
				8330225429F8D5B30025CE12 /* MAAHelperProtocol.swift in Sources */,
				8330225629F8D5B30025CE12 /* MAAHelper.swift in Sources */,
				8330225829F8D5B30025CE12 /* main.swift in Sources */,
			);
			runOnlyForDeploymentPostprocessing = 0;
		};
		833786C728F188D800D39D6F /* Sources */ = {
			isa = PBXSourcesBuildPhase;
			buildActionMask = 2147483647;
			files = (
				8341195D29EC719B00044F45 /* CopilotContent.swift in Sources */,
				8355E7B429E918A2005D5A1C /* TasksContent.swift in Sources */,
				832985AA29EE9958009F7ED5 /* RecruitView.swift in Sources */,
				83264A3B29EC0F2E0074E33A /* LogView.swift in Sources */,
				8341195329EC25A900044F45 /* MAALog.swift in Sources */,
				832985BB29EFA26D009F7ED5 /* TaskDetail.swift in Sources */,
				8355E7B829E9E2B2005D5A1C /* Sidebar.swift in Sources */,
				83661E2C29F77CFF007793CA /* VideoRecogView.swift in Sources */,
				8337870228F1D95F00D39D6F /* Maa.swift in Sources */,
				832985B929EF9D50009F7ED5 /* MAAContent.swift in Sources */,
				830C3D1E29BC7DE200B13A9F /* CheckForUpdatesView.swift in Sources */,
				832985B029EEF483009F7ED5 /* ReclamationConfiguration.swift in Sources */,
				833786CF28F188D800D39D6F /* MeoAsstMacApp.swift in Sources */,
				83CFD47129EAACD7000428A1 /* MAATask.swift in Sources */,
				8330226229F8D7E90025CE12 /* MAAHelperProtocol.swift in Sources */,
				8383EA2D28F2AF23007DAB9D /* MaaMessage.swift in Sources */,
				8341195529EC55C600044F45 /* CopilotConfiguration.swift in Sources */,
				8366DE0329F2F34100F715E8 /* MAAOperBox.swift in Sources */,
				8329858A29ED121A009F7ED5 /* CopilotDetail.swift in Sources */,
				832985AC29EE9977009F7ED5 /* DepotView.swift in Sources */,
				83531D6329F0A033008A5DF8 /* MAAInfrast.swift in Sources */,
				8355E7AE29E7F9DD005D5A1C /* ContentView.swift in Sources */,
				8355E7B029E8722E005D5A1C /* TaskCell.swift in Sources */,
				8334777A28F3A14A00499D0A /* ConnectionSettingsView.swift in Sources */,
				83DD50B729BE393C000E84E7 /* UpdaterSettingsView.swift in Sources */,
				83264A3E29EC22DE0074E33A /* MAAViewModel.swift in Sources */,
				8383EA2F28F2C5BD007DAB9D /* FightSettingsView.swift in Sources */,
				83531D5F29F00F0A008A5DF8 /* CopilotView.swift in Sources */,
				8329858C29EDA952009F7ED5 /* OpenLogFileView.swift in Sources */,
				83D3283728F2FA5B00018D10 /* InfrastSettingsView.swift in Sources */,
				83D3283328F2F1BE00018D10 /* MallSettingsView.swift in Sources */,
				83D3283128F2E7A600018D10 /* RecruitSettingsView.swift in Sources */,
				832985AE29EEE672009F7ED5 /* RecognitionContent.swift in Sources */,
				832985B429EF1219009F7ED5 /* MAARecruit.swift in Sources */,
				83264A2629EBC9C10074E33A /* ReclamationSettingsView.swift in Sources */,
				832985B629EF1890009F7ED5 /* MAADepot.swift in Sources */,
				83D3283928F3048E00018D10 /* RoguelikeSettingsView.swift in Sources */,
				8315B0BD290E48F300AE7FDC /* StartupSettingsView.swift in Sources */,
				83264A3529EBEE8D0074E33A /* AwardConfiguration.swift in Sources */,
				832985BD29EFA43B009F7ED5 /* MAADetail.swift in Sources */,
				83264A2D29EBEDD80074E33A /* FightConfiguration.swift in Sources */,
				8366DE0129F2F26100F715E8 /* OperBoxView.swift in Sources */,
				832985C129EFB665009F7ED5 /* RecognitionDetail.swift in Sources */,
				83264A3129EBEE3C0074E33A /* InfrastConfiguration.swift in Sources */,
				83264A2929EBEBB00074E33A /* MAATaskConfiguration.swift in Sources */,
				83264A3329EBEE680074E33A /* MallConfiguration.swift in Sources */,
				8341195729EC58CF00044F45 /* MAACopilot.swift in Sources */,
				83264A2F29EBEE140074E33A /* RecruitConfiguration.swift in Sources */,
				8341195029EC249E00044F45 /* RoguelikeConfiguration.swift in Sources */,
				83264A2B29EBED780074E33A /* StartupConfiguration.swift in Sources */,
				83531D6129F026E8008A5DF8 /* OrderedStore.swift in Sources */,
			);
			runOnlyForDeploymentPostprocessing = 0;
		};
/* End PBXSourcesBuildPhase section */

/* Begin PBXTargetDependency section */
		8330225C29F8D5B30025CE12 /* PBXTargetDependency */ = {
			isa = PBXTargetDependency;
			target = 8330225029F8D5B30025CE12 /* MAAHelper */;
			targetProxy = 8330225B29F8D5B30025CE12 /* PBXContainerItemProxy */;
		};
/* End PBXTargetDependency section */

/* Begin PBXVariantGroup section */
		832985A629EE0D6F009F7ED5 /* Localizable.strings */ = {
			isa = PBXVariantGroup;
			children = (
				832985A529EE0D6F009F7ED5 /* zh-Hans */,
			);
			name = Localizable.strings;
			sourceTree = "<group>";
		};
/* End PBXVariantGroup section */

/* Begin XCBuildConfiguration section */
		8330225F29F8D5B30025CE12 /* Debug */ = {
			isa = XCBuildConfiguration;
			buildSettings = {
				CODE_SIGN_IDENTITY = "Apple Development";
				CODE_SIGN_STYLE = Automatic;
				COMBINE_HIDPI_IMAGES = YES;
				DEVELOPMENT_TEAM = 29V29Y67P2;
				ENABLE_HARDENED_RUNTIME = YES;
				GENERATE_INFOPLIST_FILE = YES;
				INFOPLIST_FILE = MAAHelper/Info.plist;
				INFOPLIST_KEY_CFBundleDisplayName = MAAHelper;
				INFOPLIST_KEY_NSHumanReadableCopyright = "";
				PRODUCT_BUNDLE_IDENTIFIER = com.hguandl.MAAHelper;
				PRODUCT_NAME = "$(TARGET_NAME)";
				SKIP_INSTALL = YES;
				SWIFT_EMIT_LOC_STRINGS = YES;
				SWIFT_VERSION = 5.0;
			};
			name = Debug;
		};
		8330226029F8D5B30025CE12 /* Release */ = {
			isa = XCBuildConfiguration;
			buildSettings = {
				CODE_SIGN_IDENTITY = "Apple Development";
				"CODE_SIGN_IDENTITY[sdk=macosx*]" = "Apple Development";
				CODE_SIGN_STYLE = Automatic;
				COMBINE_HIDPI_IMAGES = YES;
				DEVELOPMENT_TEAM = 29V29Y67P2;
				ENABLE_HARDENED_RUNTIME = YES;
				GENERATE_INFOPLIST_FILE = YES;
				INFOPLIST_FILE = MAAHelper/Info.plist;
				INFOPLIST_KEY_CFBundleDisplayName = MAAHelper;
				INFOPLIST_KEY_NSHumanReadableCopyright = "";
				PRODUCT_BUNDLE_IDENTIFIER = com.hguandl.MAAHelper;
				PRODUCT_NAME = "$(TARGET_NAME)";
				SKIP_INSTALL = YES;
				SWIFT_EMIT_LOC_STRINGS = YES;
				SWIFT_VERSION = 5.0;
			};
			name = Release;
		};
		833786D828F188D900D39D6F /* Debug */ = {
			isa = XCBuildConfiguration;
			baseConfigurationReference = 8368855029BD851F00C5B999 /* Version.xcconfig */;
			buildSettings = {
				ALWAYS_SEARCH_USER_PATHS = NO;
				CLANG_ANALYZER_LOCALIZABILITY_NONLOCALIZED = YES;
				CLANG_ANALYZER_NONNULL = YES;
				CLANG_ANALYZER_NUMBER_OBJECT_CONVERSION = YES_AGGRESSIVE;
				CLANG_CXX_LANGUAGE_STANDARD = "gnu++20";
				CLANG_ENABLE_MODULES = YES;
				CLANG_ENABLE_OBJC_ARC = YES;
				CLANG_ENABLE_OBJC_WEAK = YES;
				CLANG_WARN_BLOCK_CAPTURE_AUTORELEASING = YES;
				CLANG_WARN_BOOL_CONVERSION = YES;
				CLANG_WARN_COMMA = YES;
				CLANG_WARN_CONSTANT_CONVERSION = YES;
				CLANG_WARN_DEPRECATED_OBJC_IMPLEMENTATIONS = YES;
				CLANG_WARN_DIRECT_OBJC_ISA_USAGE = YES_ERROR;
				CLANG_WARN_DOCUMENTATION_COMMENTS = YES;
				CLANG_WARN_EMPTY_BODY = YES;
				CLANG_WARN_ENUM_CONVERSION = YES;
				CLANG_WARN_INFINITE_RECURSION = YES;
				CLANG_WARN_INT_CONVERSION = YES;
				CLANG_WARN_NON_LITERAL_NULL_CONVERSION = YES;
				CLANG_WARN_OBJC_IMPLICIT_RETAIN_SELF = YES;
				CLANG_WARN_OBJC_LITERAL_CONVERSION = YES;
				CLANG_WARN_OBJC_ROOT_CLASS = YES_ERROR;
				CLANG_WARN_QUOTED_INCLUDE_IN_FRAMEWORK_HEADER = YES;
				CLANG_WARN_RANGE_LOOP_ANALYSIS = YES;
				CLANG_WARN_STRICT_PROTOTYPES = YES;
				CLANG_WARN_SUSPICIOUS_MOVE = YES;
				CLANG_WARN_UNGUARDED_AVAILABILITY = YES_AGGRESSIVE;
				CLANG_WARN_UNREACHABLE_CODE = YES;
				CLANG_WARN__DUPLICATE_METHOD_MATCH = YES;
				COPY_PHASE_STRIP = NO;
				DEAD_CODE_STRIPPING = YES;
				DEBUG_INFORMATION_FORMAT = dwarf;
				ENABLE_STRICT_OBJC_MSGSEND = YES;
				ENABLE_TESTABILITY = YES;
				GCC_C_LANGUAGE_STANDARD = gnu11;
				GCC_DYNAMIC_NO_PIC = NO;
				GCC_NO_COMMON_BLOCKS = YES;
				GCC_OPTIMIZATION_LEVEL = 0;
				GCC_PREPROCESSOR_DEFINITIONS = (
					"DEBUG=1",
					"$(inherited)",
				);
				GCC_WARN_64_TO_32_BIT_CONVERSION = YES;
				GCC_WARN_ABOUT_RETURN_TYPE = YES_ERROR;
				GCC_WARN_UNDECLARED_SELECTOR = YES;
				GCC_WARN_UNINITIALIZED_AUTOS = YES_AGGRESSIVE;
				GCC_WARN_UNUSED_FUNCTION = YES;
				GCC_WARN_UNUSED_VARIABLE = YES;
				MACOSX_DEPLOYMENT_TARGET = 12.0;
				MTL_ENABLE_DEBUG_INFO = INCLUDE_SOURCE;
				MTL_FAST_MATH = YES;
				ONLY_ACTIVE_ARCH = YES;
				SDKROOT = macosx;
				SWIFT_ACTIVE_COMPILATION_CONDITIONS = DEBUG;
				SWIFT_OPTIMIZATION_LEVEL = "-Onone";
			};
			name = Debug;
		};
		833786DB28F188D900D39D6F /* Debug */ = {
			isa = XCBuildConfiguration;
			buildSettings = {
				ALWAYS_EMBED_SWIFT_STANDARD_LIBRARIES = YES;
				ASSETCATALOG_COMPILER_APPICON_NAME = AppIcon;
				ASSETCATALOG_COMPILER_GLOBAL_ACCENT_COLOR_NAME = AccentColor;
				CODE_SIGN_ENTITLEMENTS = MeoAsstMac/MeoAsstMac.entitlements;
				CODE_SIGN_IDENTITY = "Apple Development";
				CODE_SIGN_STYLE = Automatic;
				COMBINE_HIDPI_IMAGES = YES;
				DEAD_CODE_STRIPPING = YES;
				DEVELOPMENT_ASSET_PATHS = "\"MeoAsstMac/Preview Content\"";
				DEVELOPMENT_TEAM = 29V29Y67P2;
				ENABLE_HARDENED_RUNTIME = YES;
				ENABLE_PREVIEWS = YES;
				GENERATE_INFOPLIST_FILE = YES;
				INFOPLIST_FILE = MeoAsstMac/Info.plist;
				INFOPLIST_KEY_NSHumanReadableCopyright = "";
				LD_RUNPATH_SEARCH_PATHS = (
					"$(inherited)",
					"@executable_path/../Frameworks",
				);
				PRODUCT_BUNDLE_IDENTIFIER = com.hguandl.MeoAsstMac;
				PRODUCT_NAME = "$(TARGET_NAME)";
				PROVISIONING_PROFILE_SPECIFIER = "";
				SWIFT_EMIT_LOC_STRINGS = YES;
				SWIFT_VERSION = 5.0;
			};
			name = Debug;
		};
		83E9D13D294B8C310091D1FF /* Release */ = {
			isa = XCBuildConfiguration;
			baseConfigurationReference = 8368855029BD851F00C5B999 /* Version.xcconfig */;
			buildSettings = {
				ALWAYS_SEARCH_USER_PATHS = NO;
				CLANG_ANALYZER_LOCALIZABILITY_NONLOCALIZED = YES;
				CLANG_ANALYZER_NONNULL = YES;
				CLANG_ANALYZER_NUMBER_OBJECT_CONVERSION = YES_AGGRESSIVE;
				CLANG_CXX_LANGUAGE_STANDARD = "gnu++20";
				CLANG_ENABLE_MODULES = YES;
				CLANG_ENABLE_OBJC_ARC = YES;
				CLANG_ENABLE_OBJC_WEAK = YES;
				CLANG_WARN_BLOCK_CAPTURE_AUTORELEASING = YES;
				CLANG_WARN_BOOL_CONVERSION = YES;
				CLANG_WARN_COMMA = YES;
				CLANG_WARN_CONSTANT_CONVERSION = YES;
				CLANG_WARN_DEPRECATED_OBJC_IMPLEMENTATIONS = YES;
				CLANG_WARN_DIRECT_OBJC_ISA_USAGE = YES_ERROR;
				CLANG_WARN_DOCUMENTATION_COMMENTS = YES;
				CLANG_WARN_EMPTY_BODY = YES;
				CLANG_WARN_ENUM_CONVERSION = YES;
				CLANG_WARN_INFINITE_RECURSION = YES;
				CLANG_WARN_INT_CONVERSION = YES;
				CLANG_WARN_NON_LITERAL_NULL_CONVERSION = YES;
				CLANG_WARN_OBJC_IMPLICIT_RETAIN_SELF = YES;
				CLANG_WARN_OBJC_LITERAL_CONVERSION = YES;
				CLANG_WARN_OBJC_ROOT_CLASS = YES_ERROR;
				CLANG_WARN_QUOTED_INCLUDE_IN_FRAMEWORK_HEADER = YES;
				CLANG_WARN_RANGE_LOOP_ANALYSIS = YES;
				CLANG_WARN_STRICT_PROTOTYPES = YES;
				CLANG_WARN_SUSPICIOUS_MOVE = YES;
				CLANG_WARN_UNGUARDED_AVAILABILITY = YES_AGGRESSIVE;
				CLANG_WARN_UNREACHABLE_CODE = YES;
				CLANG_WARN__DUPLICATE_METHOD_MATCH = YES;
				COPY_PHASE_STRIP = NO;
				DEAD_CODE_STRIPPING = YES;
				DEBUG_INFORMATION_FORMAT = "dwarf-with-dsym";
				ENABLE_NS_ASSERTIONS = NO;
				ENABLE_STRICT_OBJC_MSGSEND = YES;
				GCC_C_LANGUAGE_STANDARD = gnu11;
				GCC_NO_COMMON_BLOCKS = YES;
				GCC_WARN_64_TO_32_BIT_CONVERSION = YES;
				GCC_WARN_ABOUT_RETURN_TYPE = YES_ERROR;
				GCC_WARN_UNDECLARED_SELECTOR = YES;
				GCC_WARN_UNINITIALIZED_AUTOS = YES_AGGRESSIVE;
				GCC_WARN_UNUSED_FUNCTION = YES;
				GCC_WARN_UNUSED_VARIABLE = YES;
				MACOSX_DEPLOYMENT_TARGET = 12.0;
				MTL_ENABLE_DEBUG_INFO = NO;
				MTL_FAST_MATH = YES;
				SDKROOT = macosx;
				SWIFT_COMPILATION_MODE = wholemodule;
				SWIFT_OPTIMIZATION_LEVEL = "-O";
			};
			name = Release;
		};
		83E9D13E294B8C310091D1FF /* Release */ = {
			isa = XCBuildConfiguration;
			buildSettings = {
				ALWAYS_EMBED_SWIFT_STANDARD_LIBRARIES = YES;
				ASSETCATALOG_COMPILER_APPICON_NAME = AppIcon;
				ASSETCATALOG_COMPILER_GLOBAL_ACCENT_COLOR_NAME = AccentColor;
				CODE_SIGN_ENTITLEMENTS = MeoAsstMac/MeoAsstMac.entitlements;
				CODE_SIGN_IDENTITY = "Apple Development";
				CODE_SIGN_STYLE = Automatic;
				COMBINE_HIDPI_IMAGES = YES;
				DEAD_CODE_STRIPPING = YES;
				DEVELOPMENT_ASSET_PATHS = "\"MeoAsstMac/Preview Content\"";
				DEVELOPMENT_TEAM = 29V29Y67P2;
				ENABLE_HARDENED_RUNTIME = YES;
				ENABLE_PREVIEWS = YES;
				GENERATE_INFOPLIST_FILE = YES;
				INFOPLIST_FILE = MeoAsstMac/Info.plist;
				INFOPLIST_KEY_NSHumanReadableCopyright = "";
				LD_RUNPATH_SEARCH_PATHS = (
					"$(inherited)",
					"@executable_path/../Frameworks",
				);
				PRODUCT_BUNDLE_IDENTIFIER = com.hguandl.MeoAsstMac;
				PRODUCT_NAME = "$(TARGET_NAME)";
				PROVISIONING_PROFILE_SPECIFIER = "";
				SWIFT_EMIT_LOC_STRINGS = YES;
				SWIFT_VERSION = 5.0;
			};
			name = Release;
		};
/* End XCBuildConfiguration section */

/* Begin XCConfigurationList section */
		8330226129F8D5B30025CE12 /* Build configuration list for PBXNativeTarget "MAAHelper" */ = {
			isa = XCConfigurationList;
			buildConfigurations = (
				8330225F29F8D5B30025CE12 /* Debug */,
				8330226029F8D5B30025CE12 /* Release */,
			);
			defaultConfigurationIsVisible = 0;
			defaultConfigurationName = Debug;
		};
		833786C628F188D800D39D6F /* Build configuration list for PBXProject "MeoAsstMac" */ = {
			isa = XCConfigurationList;
			buildConfigurations = (
				833786D828F188D900D39D6F /* Debug */,
				83E9D13D294B8C310091D1FF /* Release */,
			);
			defaultConfigurationIsVisible = 0;
			defaultConfigurationName = Debug;
		};
		833786DA28F188D900D39D6F /* Build configuration list for PBXNativeTarget "MAA" */ = {
			isa = XCConfigurationList;
			buildConfigurations = (
				833786DB28F188D900D39D6F /* Debug */,
				83E9D13E294B8C310091D1FF /* Release */,
			);
			defaultConfigurationIsVisible = 0;
			defaultConfigurationName = Debug;
		};
/* End XCConfigurationList section */

/* Begin XCRemoteSwiftPackageReference section */
		830C3D1A29BC7D8600B13A9F /* XCRemoteSwiftPackageReference "Sparkle" */ = {
			isa = XCRemoteSwiftPackageReference;
			repositoryURL = "https://github.com/sparkle-project/Sparkle";
			requirement = {
				kind = upToNextMajorVersion;
				minimumVersion = 2.0.0;
			};
		};
		8329859329EDB9EB009F7ED5 /* XCRemoteSwiftPackageReference "SwiftyJSON" */ = {
			isa = XCRemoteSwiftPackageReference;
			repositoryURL = "https://github.com/SwiftyJSON/SwiftyJSON.git";
			requirement = {
				kind = upToNextMajorVersion;
				minimumVersion = 5.0.0;
			};
		};
		8329859629EDFCA4009F7ED5 /* XCRemoteSwiftPackageReference "SwiftUI-Introspect" */ = {
			isa = XCRemoteSwiftPackageReference;
			repositoryURL = "https://github.com/siteline/SwiftUI-Introspect.git";
			requirement = {
				kind = upToNextMajorVersion;
				minimumVersion = 0.2.3;
			};
		};
/* End XCRemoteSwiftPackageReference section */

/* Begin XCSwiftPackageProductDependency section */
		830C3D1B29BC7D8600B13A9F /* Sparkle */ = {
			isa = XCSwiftPackageProductDependency;
			package = 830C3D1A29BC7D8600B13A9F /* XCRemoteSwiftPackageReference "Sparkle" */;
			productName = Sparkle;
		};
		8329859429EDB9EB009F7ED5 /* SwiftyJSON */ = {
			isa = XCSwiftPackageProductDependency;
			package = 8329859329EDB9EB009F7ED5 /* XCRemoteSwiftPackageReference "SwiftyJSON" */;
			productName = SwiftyJSON;
		};
		8329859729EDFCA4009F7ED5 /* Introspect */ = {
			isa = XCSwiftPackageProductDependency;
			package = 8329859629EDFCA4009F7ED5 /* XCRemoteSwiftPackageReference "SwiftUI-Introspect" */;
			productName = Introspect;
		};
/* End XCSwiftPackageProductDependency section */
	};
	rootObject = 833786C328F188D800D39D6F /* Project object */;
}
