// !$*UTF8*$!
{
	archiveVersion = 1;
	classes = {
	};
	objectVersion = 55;
	objects = {

/* Begin PBXBuildFile section */
		451893752E572885007D95AB /* DingTalkBotClient.swift in Sources */ = {isa = PBXBuildFile; fileRef = 451893742E572880007D95AB /* DingTalkBotClient.swift */; };
		4591DA492E571CD100595709 /* RemoteSettingsView.swift in Sources */ = {isa = PBXBuildFile; fileRef = 4591DA482E571CC400595709 /* RemoteSettingsView.swift */; };
		459E18F22E580C41004AF69D /* InstantTooltip.swift in Sources */ = {isa = PBXBuildFile; fileRef = 459E18F12E580C41004AF69D /* InstantTooltip.swift */; };
		45E56BD22E62F66D003E70CE /* NotificationService.swift in Sources */ = {isa = PBXBuildFile; fileRef = 45E56BD12E62F66D003E70CE /* NotificationService.swift */; };
		45E56BD42E62F678003E70CE /* BarkService.swift in Sources */ = {isa = PBXBuildFile; fileRef = 45E56BD32E62F678003E70CE /* BarkService.swift */; };
		45E56BD62E62F683003E70CE /* DingTalkService.swift in Sources */ = {isa = PBXBuildFile; fileRef = 45E56BD52E62F683003E70CE /* DingTalkService.swift */; };
		45E56BD82E62F68B003E70CE /* NotificationManager.swift in Sources */ = {isa = PBXBuildFile; fileRef = 45E56BD72E62F68B003E70CE /* NotificationManager.swift */; };
		830C3D1C29BC7D8600B13A9F /* Sparkle in Frameworks */ = {isa = PBXBuildFile; productRef = 830C3D1B29BC7D8600B13A9F /* Sparkle */; };
		830C3D1E29BC7DE200B13A9F /* CheckForUpdatesView.swift in Sources */ = {isa = PBXBuildFile; fileRef = 830C3D1D29BC7DE200B13A9F /* CheckForUpdatesView.swift */; };
		8315B0BD290E48F300AE7FDC /* StartupSettingsView.swift in Sources */ = {isa = PBXBuildFile; fileRef = 8315B0BC290E48F300AE7FDC /* StartupSettingsView.swift */; };
		831D2489293C9CE3005AC1CE /* MaaCore.xcframework in Frameworks */ = {isa = PBXBuildFile; fileRef = 831D2488293C9CE3005AC1CE /* MaaCore.xcframework */; };
		831D248A293C9CE3005AC1CE /* MaaCore.xcframework in Embed Frameworks */ = {isa = PBXBuildFile; fileRef = 831D2488293C9CE3005AC1CE /* MaaCore.xcframework */; settings = {ATTRIBUTES = (CodeSignOnCopy, RemoveHeadersOnCopy, ); }; };
		8320E6642CFE004D00F4BC95 /* Localizable.xcstrings in Resources */ = {isa = PBXBuildFile; fileRef = 8320E6632CFE004D00F4BC95 /* Localizable.xcstrings */; };
		83264A2629EBC9C10074E33A /* ReclamationSettingsView.swift in Sources */ = {isa = PBXBuildFile; fileRef = 83264A2529EBC9C10074E33A /* ReclamationSettingsView.swift */; };
		83264A2929EBEBB00074E33A /* MAATaskConfiguration.swift in Sources */ = {isa = PBXBuildFile; fileRef = 83264A2829EBEBB00074E33A /* MAATaskConfiguration.swift */; };
		83264A2B29EBED780074E33A /* StartupConfiguration.swift in Sources */ = {isa = PBXBuildFile; fileRef = 83264A2A29EBED780074E33A /* StartupConfiguration.swift */; };
		83264A2D29EBEDD80074E33A /* FightConfiguration.swift in Sources */ = {isa = PBXBuildFile; fileRef = 83264A2C29EBEDD80074E33A /* FightConfiguration.swift */; };
		83264A2F29EBEE140074E33A /* RecruitConfiguration.swift in Sources */ = {isa = PBXBuildFile; fileRef = 83264A2E29EBEE140074E33A /* RecruitConfiguration.swift */; };
		83264A3129EBEE3C0074E33A /* InfrastConfiguration.swift in Sources */ = {isa = PBXBuildFile; fileRef = 83264A3029EBEE3C0074E33A /* InfrastConfiguration.swift */; };
		83264A3329EBEE680074E33A /* MallConfiguration.swift in Sources */ = {isa = PBXBuildFile; fileRef = 83264A3229EBEE680074E33A /* MallConfiguration.swift */; };
		83264A3529EBEE8D0074E33A /* AwardConfiguration.swift in Sources */ = {isa = PBXBuildFile; fileRef = 83264A3429EBEE8D0074E33A /* AwardConfiguration.swift */; };
		83264A3B29EC0F2E0074E33A /* LogView.swift in Sources */ = {isa = PBXBuildFile; fileRef = 83264A3A29EC0F2E0074E33A /* LogView.swift */; };
		83264A3E29EC22DE0074E33A /* MAAViewModel.swift in Sources */ = {isa = PBXBuildFile; fileRef = 83264A3D29EC22DE0074E33A /* MAAViewModel.swift */; };
		8329858A29ED121A009F7ED5 /* CopilotDetail.swift in Sources */ = {isa = PBXBuildFile; fileRef = 8329858929ED121A009F7ED5 /* CopilotDetail.swift */; };
		8329858C29EDA952009F7ED5 /* OpenLogFileView.swift in Sources */ = {isa = PBXBuildFile; fileRef = 8329858B29EDA8DB009F7ED5 /* OpenLogFileView.swift */; };
		8329859529EDB9EB009F7ED5 /* SwiftyJSON in Frameworks */ = {isa = PBXBuildFile; productRef = 8329859429EDB9EB009F7ED5 /* SwiftyJSON */; };
		832985AA29EE9958009F7ED5 /* RecruitView.swift in Sources */ = {isa = PBXBuildFile; fileRef = 832985A929EE9958009F7ED5 /* RecruitView.swift */; };
		832985AC29EE9977009F7ED5 /* DepotView.swift in Sources */ = {isa = PBXBuildFile; fileRef = 832985AB29EE9977009F7ED5 /* DepotView.swift */; };
		832985AE29EEE672009F7ED5 /* UtilityContent.swift in Sources */ = {isa = PBXBuildFile; fileRef = 832985AD29EEE672009F7ED5 /* UtilityContent.swift */; };
		832985B029EEF483009F7ED5 /* ReclamationConfiguration.swift in Sources */ = {isa = PBXBuildFile; fileRef = 832985AF29EEF483009F7ED5 /* ReclamationConfiguration.swift */; };
		832985B429EF1219009F7ED5 /* MAARecruit.swift in Sources */ = {isa = PBXBuildFile; fileRef = 832985B329EF1219009F7ED5 /* MAARecruit.swift */; };
		832985B629EF1890009F7ED5 /* MAADepot.swift in Sources */ = {isa = PBXBuildFile; fileRef = 832985B529EF1890009F7ED5 /* MAADepot.swift */; };
		832985B929EF9D50009F7ED5 /* MAAContent.swift in Sources */ = {isa = PBXBuildFile; fileRef = 832985B829EF9D50009F7ED5 /* MAAContent.swift */; };
		832985BB29EFA26D009F7ED5 /* TaskDetail.swift in Sources */ = {isa = PBXBuildFile; fileRef = 832985BA29EFA26D009F7ED5 /* TaskDetail.swift */; };
		832985BD29EFA43B009F7ED5 /* MAADetail.swift in Sources */ = {isa = PBXBuildFile; fileRef = 832985BC29EFA43B009F7ED5 /* MAADetail.swift */; };
		832985C129EFB665009F7ED5 /* UtilityDetail.swift in Sources */ = {isa = PBXBuildFile; fileRef = 832985C029EFB665009F7ED5 /* UtilityDetail.swift */; };
		8334777A28F3A14A00499D0A /* ConnectionSettingsView.swift in Sources */ = {isa = PBXBuildFile; fileRef = 8334777928F3A14A00499D0A /* ConnectionSettingsView.swift */; };
		833786CF28F188D800D39D6F /* MeoAsstMacApp.swift in Sources */ = {isa = PBXBuildFile; fileRef = 833786CE28F188D800D39D6F /* MeoAsstMacApp.swift */; };
		833786D328F188D900D39D6F /* Assets.xcassets in Resources */ = {isa = PBXBuildFile; fileRef = 833786D228F188D900D39D6F /* Assets.xcassets */; };
		833786D628F188D900D39D6F /* Preview Assets.xcassets in Resources */ = {isa = PBXBuildFile; fileRef = 833786D528F188D900D39D6F /* Preview Assets.xcassets */; };
		8337870228F1D95F00D39D6F /* Maa.swift in Sources */ = {isa = PBXBuildFile; fileRef = 8337870128F1D95F00D39D6F /* Maa.swift */; };
		8337871328F1E03C00D39D6F /* adb in Embed Helper Tools */ = {isa = PBXBuildFile; fileRef = 8337871128F1DFB900D39D6F /* adb */; settings = {ATTRIBUTES = (CodeSignOnCopy, ); }; };
		833F7B2A29A34C440001DB2D /* fastdeploy_ppocr.xcframework in Frameworks */ = {isa = PBXBuildFile; fileRef = 833F7B2929A34C430001DB2D /* fastdeploy_ppocr.xcframework */; };
		833F7B2B29A34C440001DB2D /* fastdeploy_ppocr.xcframework in Embed Frameworks */ = {isa = PBXBuildFile; fileRef = 833F7B2929A34C430001DB2D /* fastdeploy_ppocr.xcframework */; settings = {ATTRIBUTES = (CodeSignOnCopy, RemoveHeadersOnCopy, ); }; };
		8341195029EC249E00044F45 /* RoguelikeConfiguration.swift in Sources */ = {isa = PBXBuildFile; fileRef = 8341194F29EC249E00044F45 /* RoguelikeConfiguration.swift */; };
		8341195329EC25A900044F45 /* MAALog.swift in Sources */ = {isa = PBXBuildFile; fileRef = 8341195229EC25A900044F45 /* MAALog.swift */; };
		8341195529EC55C600044F45 /* CopilotConfiguration.swift in Sources */ = {isa = PBXBuildFile; fileRef = 8341195429EC55C600044F45 /* CopilotConfiguration.swift */; };
		8341195729EC58CF00044F45 /* MAACopilot.swift in Sources */ = {isa = PBXBuildFile; fileRef = 8341195629EC58CF00044F45 /* MAACopilot.swift */; };
		8341195D29EC719B00044F45 /* CopilotContent.swift in Sources */ = {isa = PBXBuildFile; fileRef = 8341195C29EC719B00044F45 /* CopilotContent.swift */; };
		83477CB229FEA12300A5FF99 /* TaskCommands.swift in Sources */ = {isa = PBXBuildFile; fileRef = 83477CB129FEA12300A5FF99 /* TaskCommands.swift */; };
		83477CB429FEA7A500A5FF99 /* TaskButtons.swift in Sources */ = {isa = PBXBuildFile; fileRef = 83477CB329FEA7A500A5FF99 /* TaskButtons.swift */; };
		8347B5A82CDF85A000AEB627 /* ResourceUpdateView.swift in Sources */ = {isa = PBXBuildFile; fileRef = 8347B5A72CDF85A000AEB627 /* ResourceUpdateView.swift */; };
		8347B5AB2CDF89CC00AEB627 /* ZIPFoundation in Frameworks */ = {isa = PBXBuildFile; productRef = 8347B5AA2CDF89CC00AEB627 /* ZIPFoundation */; };
		8347B5AD2CDF8B2800AEB627 /* FileManager+unzipProgress.swift in Sources */ = {isa = PBXBuildFile; fileRef = 8347B5AC2CDF8B2800AEB627 /* FileManager+unzipProgress.swift */; };
		8347B5AF2CDF925400AEB627 /* URLSession+downloadProgress.swift in Sources */ = {isa = PBXBuildFile; fileRef = 8347B5AE2CDF925400AEB627 /* URLSession+downloadProgress.swift */; };
		834DEC122C4D94BD0073B5D4 /* ClosedownConfiguration.swift in Sources */ = {isa = PBXBuildFile; fileRef = 834DEC112C4D94BD0073B5D4 /* ClosedownConfiguration.swift */; };
		8352529F2D533F9000C6D6D3 /* MirrorChyan.swift in Sources */ = {isa = PBXBuildFile; fileRef = 8352529E2D533F9000C6D6D3 /* MirrorChyan.swift */; };
		835252A12D534A9E00C6D6D3 /* GitHub.swift in Sources */ = {isa = PBXBuildFile; fileRef = 835252A02D534A9E00C6D6D3 /* GitHub.swift */; };
		835252A32D53567D00C6D6D3 /* ResourceUpdater.swift in Sources */ = {isa = PBXBuildFile; fileRef = 835252A22D53567D00C6D6D3 /* ResourceUpdater.swift */; };
		83531D5F29F00F0A008A5DF8 /* CopilotView.swift in Sources */ = {isa = PBXBuildFile; fileRef = 83531D5E29F00F0A008A5DF8 /* CopilotView.swift */; };
		83531D6329F0A033008A5DF8 /* MAAInfrast.swift in Sources */ = {isa = PBXBuildFile; fileRef = 83531D6229F0A033008A5DF8 /* MAAInfrast.swift */; };
		8355E7AE29E7F9DD005D5A1C /* ContentView.swift in Sources */ = {isa = PBXBuildFile; fileRef = 8355E7AD29E7F9DD005D5A1C /* ContentView.swift */; };
		8355E7B029E8722E005D5A1C /* TaskCell.swift in Sources */ = {isa = PBXBuildFile; fileRef = 8355E7AF29E8722E005D5A1C /* TaskCell.swift */; };
		8355E7B429E918A2005D5A1C /* TasksContent.swift in Sources */ = {isa = PBXBuildFile; fileRef = 8355E7B329E918A2005D5A1C /* TasksContent.swift */; };
		8355E7B829E9E2B2005D5A1C /* Sidebar.swift in Sources */ = {isa = PBXBuildFile; fileRef = 8355E7B729E9E2B2005D5A1C /* Sidebar.swift */; };
		83661E2C29F77CFF007793CA /* VideoRecogView.swift in Sources */ = {isa = PBXBuildFile; fileRef = 83661E2B29F77CFF007793CA /* VideoRecogView.swift */; };
		8366DE0129F2F26100F715E8 /* OperBoxView.swift in Sources */ = {isa = PBXBuildFile; fileRef = 8366DE0029F2F26100F715E8 /* OperBoxView.swift */; };
		8366DE0329F2F34100F715E8 /* MAAOperBox.swift in Sources */ = {isa = PBXBuildFile; fileRef = 8366DE0229F2F34100F715E8 /* MAAOperBox.swift */; };
		83782A2B2CFFAF2900A32BDD /* LegacyConfigurations.swift in Sources */ = {isa = PBXBuildFile; fileRef = 83782A2A2CFFAF2900A32BDD /* LegacyConfigurations.swift */; };
		83782A2D2CFFB00000A32BDD /* LegacyUserTasks in Frameworks */ = {isa = PBXBuildFile; productRef = 83782A2C2CFFB00000A32BDD /* LegacyUserTasks */; };
		83812ED22D5B0B8100CB39D6 /* Binding+semicolonString.swift in Sources */ = {isa = PBXBuildFile; fileRef = 83812ED12D5B0B8100CB39D6 /* Binding+semicolonString.swift */; };
		8383EA2D28F2AF23007DAB9D /* MaaMessage.swift in Sources */ = {isa = PBXBuildFile; fileRef = 8383EA2C28F2AF23007DAB9D /* MaaMessage.swift */; };
		8383EA2F28F2C5BD007DAB9D /* FightSettingsView.swift in Sources */ = {isa = PBXBuildFile; fileRef = 8383EA2E28F2C5BD007DAB9D /* FightSettingsView.swift */; };
		838FF82229FBB9E3000566A0 /* GameSettingsView.swift in Sources */ = {isa = PBXBuildFile; fileRef = 838FF82129FBB9E3000566A0 /* GameSettingsView.swift */; };
		838FF82729FDD0F9000566A0 /* GachaView.swift in Sources */ = {isa = PBXBuildFile; fileRef = 838FF82629FDD0F9000566A0 /* GachaView.swift */; };
		838FF82929FDE1FA000566A0 /* MAAError.swift in Sources */ = {isa = PBXBuildFile; fileRef = 838FF82829FDE1FA000566A0 /* MAAError.swift */; };
		8391C9FA2B2746FA0047DB20 /* MaaToolClient.swift in Sources */ = {isa = PBXBuildFile; fileRef = 8391C9F92B2746FA0047DB20 /* MaaToolClient.swift */; };
		83BFABC82AF1D5BA001A79F4 /* AwardSettingsView.swift in Sources */ = {isa = PBXBuildFile; fileRef = 83BFABC72AF1D5BA001A79F4 /* AwardSettingsView.swift */; };
		83CFD47129EAACD7000428A1 /* MAATask.swift in Sources */ = {isa = PBXBuildFile; fileRef = 83CFD47029EAACD7000428A1 /* MAATask.swift */; };
		83D061F62CF81519008F0140 /* FileLogger.swift in Sources */ = {isa = PBXBuildFile; fileRef = 83D061F52CF81519008F0140 /* FileLogger.swift */; };
		83D3283128F2E7A600018D10 /* RecruitSettingsView.swift in Sources */ = {isa = PBXBuildFile; fileRef = 83D3283028F2E7A600018D10 /* RecruitSettingsView.swift */; };
		83D3283328F2F1BE00018D10 /* MallSettingsView.swift in Sources */ = {isa = PBXBuildFile; fileRef = 83D3283228F2F1BE00018D10 /* MallSettingsView.swift */; };
		83D3283728F2FA5B00018D10 /* InfrastSettingsView.swift in Sources */ = {isa = PBXBuildFile; fileRef = 83D3283628F2FA5B00018D10 /* InfrastSettingsView.swift */; };
		83D3283928F3048E00018D10 /* RoguelikeSettingsView.swift in Sources */ = {isa = PBXBuildFile; fileRef = 83D3283828F3048E00018D10 /* RoguelikeSettingsView.swift */; };
		83DD50B729BE393C000E84E7 /* UpdaterSettingsView.swift in Sources */ = {isa = PBXBuildFile; fileRef = 83DD50B629BE385A000E84E7 /* UpdaterSettingsView.swift */; };
		83E9D137294B74440091D1FF /* OpenCV.xcframework in Frameworks */ = {isa = PBXBuildFile; fileRef = 83E9D133294B74230091D1FF /* OpenCV.xcframework */; };
		83E9D138294B74440091D1FF /* OpenCV.xcframework in Embed Frameworks */ = {isa = PBXBuildFile; fileRef = 83E9D133294B74230091D1FF /* OpenCV.xcframework */; settings = {ATTRIBUTES = (CodeSignOnCopy, RemoveHeadersOnCopy, ); }; };
		83E9D139294B74460091D1FF /* ONNXRuntime.xcframework in Frameworks */ = {isa = PBXBuildFile; fileRef = 83E9D135294B74270091D1FF /* ONNXRuntime.xcframework */; };
		83E9D13A294B74460091D1FF /* ONNXRuntime.xcframework in Embed Frameworks */ = {isa = PBXBuildFile; fileRef = 83E9D135294B74270091D1FF /* ONNXRuntime.xcframework */; settings = {ATTRIBUTES = (CodeSignOnCopy, RemoveHeadersOnCopy, ); }; };
		83E9ED972DF693B20069CFE9 /* OTAFetcher.swift in Sources */ = {isa = PBXBuildFile; fileRef = 83E9ED962DF693B20069CFE9 /* OTAFetcher.swift */; };
		83FF5A9C2978FE27000AE831 /* resource in Resources */ = {isa = PBXBuildFile; fileRef = 83FF5A9B2978FE27000AE831 /* resource */; };
		92CDF6222A065E55005669EC /* Codeable+JSON.swift in Sources */ = {isa = PBXBuildFile; fileRef = 92CDF6212A065E55005669EC /* Codeable+JSON.swift */; };
		92EB82872A0CD315006DD9D2 /* SystemSettingsView.swift in Sources */ = {isa = PBXBuildFile; fileRef = 92EB82862A0CD315006DD9D2 /* SystemSettingsView.swift */; };
		92F78D4D2A0A7B2E00999BD0 /* TaskTimerView.swift in Sources */ = {isa = PBXBuildFile; fileRef = 92F78D4C2A0A7B2E00999BD0 /* TaskTimerView.swift */; };
		92F78D4F2A0B361C00999BD0 /* TaskTimerManager.swift in Sources */ = {isa = PBXBuildFile; fileRef = 92F78D4E2A0B361C00999BD0 /* TaskTimerManager.swift */; };
		9BC2EEB32E3F188D0039C4DB /* MiniGameView.swift in Sources */ = {isa = PBXBuildFile; fileRef = 9BC2EEB22E3F188D0039C4DB /* MiniGameView.swift */; };
/* End PBXBuildFile section */

/* Begin PBXCopyFilesBuildPhase section */
		83245A0528F467C400ED6D4C /* Embed Frameworks */ = {
			isa = PBXCopyFilesBuildPhase;
			buildActionMask = 2147483647;
			dstPath = "";
			dstSubfolderSpec = 10;
			files = (
				833F7B2B29A34C440001DB2D /* fastdeploy_ppocr.xcframework in Embed Frameworks */,
				831D248A293C9CE3005AC1CE /* MaaCore.xcframework in Embed Frameworks */,
				83E9D13A294B74460091D1FF /* ONNXRuntime.xcframework in Embed Frameworks */,
				83E9D138294B74440091D1FF /* OpenCV.xcframework in Embed Frameworks */,
			);
			name = "Embed Frameworks";
			runOnlyForDeploymentPostprocessing = 0;
		};
		8337870D28F1DD8800D39D6F /* Embed Helper Tools */ = {
			isa = PBXCopyFilesBuildPhase;
			buildActionMask = 2147483647;
			dstPath = "";
			dstSubfolderSpec = 6;
			files = (
				8337871328F1E03C00D39D6F /* adb in Embed Helper Tools */,
			);
			name = "Embed Helper Tools";
			runOnlyForDeploymentPostprocessing = 0;
		};
/* End PBXCopyFilesBuildPhase section */

/* Begin PBXFileReference section */
		451893742E572880007D95AB /* DingTalkBotClient.swift */ = {isa = PBXFileReference; lastKnownFileType = sourcecode.swift; path = DingTalkBotClient.swift; sourceTree = "<group>"; };
		4591DA482E571CC400595709 /* RemoteSettingsView.swift */ = {isa = PBXFileReference; lastKnownFileType = sourcecode.swift; path = RemoteSettingsView.swift; sourceTree = "<group>"; };
		459E18F12E580C41004AF69D /* InstantTooltip.swift */ = {isa = PBXFileReference; lastKnownFileType = sourcecode.swift; path = InstantTooltip.swift; sourceTree = "<group>"; };
		45E56BD12E62F66D003E70CE /* NotificationService.swift */ = {isa = PBXFileReference; lastKnownFileType = sourcecode.swift; path = NotificationService.swift; sourceTree = "<group>"; };
		45E56BD32E62F678003E70CE /* BarkService.swift */ = {isa = PBXFileReference; lastKnownFileType = sourcecode.swift; path = BarkService.swift; sourceTree = "<group>"; };
		45E56BD52E62F683003E70CE /* DingTalkService.swift */ = {isa = PBXFileReference; lastKnownFileType = sourcecode.swift; path = DingTalkService.swift; sourceTree = "<group>"; };
		45E56BD72E62F68B003E70CE /* NotificationManager.swift */ = {isa = PBXFileReference; lastKnownFileType = sourcecode.swift; path = NotificationManager.swift; sourceTree = "<group>"; };
		830C3D1D29BC7DE200B13A9F /* CheckForUpdatesView.swift */ = {isa = PBXFileReference; lastKnownFileType = sourcecode.swift; path = CheckForUpdatesView.swift; sourceTree = "<group>"; };
		830C3D1F29BC86EE00B13A9F /* Info.plist */ = {isa = PBXFileReference; lastKnownFileType = text.plist.xml; path = Info.plist; sourceTree = "<group>"; };
		8315B0BC290E48F300AE7FDC /* StartupSettingsView.swift */ = {isa = PBXFileReference; lastKnownFileType = sourcecode.swift; path = StartupSettingsView.swift; sourceTree = "<group>"; };
		831D2488293C9CE3005AC1CE /* MaaCore.xcframework */ = {isa = PBXFileReference; lastKnownFileType = wrapper.xcframework; name = MaaCore.xcframework; path = ../../build/MaaCore.xcframework; sourceTree = "<group>"; };
		8320E6632CFE004D00F4BC95 /* Localizable.xcstrings */ = {isa = PBXFileReference; lastKnownFileType = text.json.xcstrings; path = Localizable.xcstrings; sourceTree = "<group>"; };
		83264A2529EBC9C10074E33A /* ReclamationSettingsView.swift */ = {isa = PBXFileReference; lastKnownFileType = sourcecode.swift; path = ReclamationSettingsView.swift; sourceTree = "<group>"; };
		83264A2829EBEBB00074E33A /* MAATaskConfiguration.swift */ = {isa = PBXFileReference; lastKnownFileType = sourcecode.swift; path = MAATaskConfiguration.swift; sourceTree = "<group>"; };
		83264A2A29EBED780074E33A /* StartupConfiguration.swift */ = {isa = PBXFileReference; lastKnownFileType = sourcecode.swift; path = StartupConfiguration.swift; sourceTree = "<group>"; };
		83264A2C29EBEDD80074E33A /* FightConfiguration.swift */ = {isa = PBXFileReference; lastKnownFileType = sourcecode.swift; path = FightConfiguration.swift; sourceTree = "<group>"; };
		83264A2E29EBEE140074E33A /* RecruitConfiguration.swift */ = {isa = PBXFileReference; lastKnownFileType = sourcecode.swift; path = RecruitConfiguration.swift; sourceTree = "<group>"; };
		83264A3029EBEE3C0074E33A /* InfrastConfiguration.swift */ = {isa = PBXFileReference; lastKnownFileType = sourcecode.swift; path = InfrastConfiguration.swift; sourceTree = "<group>"; };
		83264A3229EBEE680074E33A /* MallConfiguration.swift */ = {isa = PBXFileReference; lastKnownFileType = sourcecode.swift; path = MallConfiguration.swift; sourceTree = "<group>"; };
		83264A3429EBEE8D0074E33A /* AwardConfiguration.swift */ = {isa = PBXFileReference; lastKnownFileType = sourcecode.swift; path = AwardConfiguration.swift; sourceTree = "<group>"; };
		83264A3A29EC0F2E0074E33A /* LogView.swift */ = {isa = PBXFileReference; lastKnownFileType = sourcecode.swift; path = LogView.swift; sourceTree = "<group>"; };
		83264A3D29EC22DE0074E33A /* MAAViewModel.swift */ = {isa = PBXFileReference; lastKnownFileType = sourcecode.swift; path = MAAViewModel.swift; sourceTree = "<group>"; };
		8329858929ED121A009F7ED5 /* CopilotDetail.swift */ = {isa = PBXFileReference; lastKnownFileType = sourcecode.swift; path = CopilotDetail.swift; sourceTree = "<group>"; };
		8329858B29EDA8DB009F7ED5 /* OpenLogFileView.swift */ = {isa = PBXFileReference; lastKnownFileType = sourcecode.swift; path = OpenLogFileView.swift; sourceTree = "<group>"; };
		832985A929EE9958009F7ED5 /* RecruitView.swift */ = {isa = PBXFileReference; lastKnownFileType = sourcecode.swift; path = RecruitView.swift; sourceTree = "<group>"; };
		832985AB29EE9977009F7ED5 /* DepotView.swift */ = {isa = PBXFileReference; lastKnownFileType = sourcecode.swift; path = DepotView.swift; sourceTree = "<group>"; };
		832985AD29EEE672009F7ED5 /* UtilityContent.swift */ = {isa = PBXFileReference; lastKnownFileType = sourcecode.swift; path = UtilityContent.swift; sourceTree = "<group>"; };
		832985AF29EEF483009F7ED5 /* ReclamationConfiguration.swift */ = {isa = PBXFileReference; lastKnownFileType = sourcecode.swift; path = ReclamationConfiguration.swift; sourceTree = "<group>"; };
		832985B329EF1219009F7ED5 /* MAARecruit.swift */ = {isa = PBXFileReference; lastKnownFileType = sourcecode.swift; path = MAARecruit.swift; sourceTree = "<group>"; };
		832985B529EF1890009F7ED5 /* MAADepot.swift */ = {isa = PBXFileReference; lastKnownFileType = sourcecode.swift; path = MAADepot.swift; sourceTree = "<group>"; };
		832985B829EF9D50009F7ED5 /* MAAContent.swift */ = {isa = PBXFileReference; lastKnownFileType = sourcecode.swift; path = MAAContent.swift; sourceTree = "<group>"; };
		832985BA29EFA26D009F7ED5 /* TaskDetail.swift */ = {isa = PBXFileReference; lastKnownFileType = sourcecode.swift; path = TaskDetail.swift; sourceTree = "<group>"; };
		832985BC29EFA43B009F7ED5 /* MAADetail.swift */ = {isa = PBXFileReference; lastKnownFileType = sourcecode.swift; path = MAADetail.swift; sourceTree = "<group>"; };
		832985C029EFB665009F7ED5 /* UtilityDetail.swift */ = {isa = PBXFileReference; lastKnownFileType = sourcecode.swift; path = UtilityDetail.swift; sourceTree = "<group>"; };
		8334777928F3A14A00499D0A /* ConnectionSettingsView.swift */ = {isa = PBXFileReference; lastKnownFileType = sourcecode.swift; path = ConnectionSettingsView.swift; sourceTree = "<group>"; };
		833786CB28F188D800D39D6F /* MAA.app */ = {isa = PBXFileReference; explicitFileType = wrapper.application; includeInIndex = 0; path = MAA.app; sourceTree = BUILT_PRODUCTS_DIR; };
		833786CE28F188D800D39D6F /* MeoAsstMacApp.swift */ = {isa = PBXFileReference; lastKnownFileType = sourcecode.swift; path = MeoAsstMacApp.swift; sourceTree = "<group>"; };
		833786D228F188D900D39D6F /* Assets.xcassets */ = {isa = PBXFileReference; lastKnownFileType = folder.assetcatalog; path = Assets.xcassets; sourceTree = "<group>"; };
		833786D528F188D900D39D6F /* Preview Assets.xcassets */ = {isa = PBXFileReference; lastKnownFileType = folder.assetcatalog; path = "Preview Assets.xcassets"; sourceTree = "<group>"; };
		833786D728F188D900D39D6F /* MeoAsstMac.entitlements */ = {isa = PBXFileReference; lastKnownFileType = text.plist.entitlements; path = MeoAsstMac.entitlements; sourceTree = "<group>"; };
		8337870128F1D95F00D39D6F /* Maa.swift */ = {isa = PBXFileReference; lastKnownFileType = sourcecode.swift; path = Maa.swift; sourceTree = "<group>"; };
		8337871128F1DFB900D39D6F /* adb */ = {isa = PBXFileReference; lastKnownFileType = "compiled.mach-o.executable"; path = adb; sourceTree = "<group>"; };
		8337871228F1DFC100D39D6F /* adb.entitlements */ = {isa = PBXFileReference; lastKnownFileType = text.plist.entitlements; path = adb.entitlements; sourceTree = "<group>"; };
		833F7B2929A34C430001DB2D /* fastdeploy_ppocr.xcframework */ = {isa = PBXFileReference; lastKnownFileType = wrapper.xcframework; name = fastdeploy_ppocr.xcframework; path = ../../build/fastdeploy_ppocr.xcframework; sourceTree = "<group>"; };
		8341194F29EC249E00044F45 /* RoguelikeConfiguration.swift */ = {isa = PBXFileReference; lastKnownFileType = sourcecode.swift; path = RoguelikeConfiguration.swift; sourceTree = "<group>"; };
		8341195229EC25A900044F45 /* MAALog.swift */ = {isa = PBXFileReference; lastKnownFileType = sourcecode.swift; path = MAALog.swift; sourceTree = "<group>"; };
		8341195429EC55C600044F45 /* CopilotConfiguration.swift */ = {isa = PBXFileReference; lastKnownFileType = sourcecode.swift; path = CopilotConfiguration.swift; sourceTree = "<group>"; };
		8341195629EC58CF00044F45 /* MAACopilot.swift */ = {isa = PBXFileReference; lastKnownFileType = sourcecode.swift; path = MAACopilot.swift; sourceTree = "<group>"; };
		8341195C29EC719B00044F45 /* CopilotContent.swift */ = {isa = PBXFileReference; lastKnownFileType = sourcecode.swift; path = CopilotContent.swift; sourceTree = "<group>"; };
		83477CB129FEA12300A5FF99 /* TaskCommands.swift */ = {isa = PBXFileReference; lastKnownFileType = sourcecode.swift; path = TaskCommands.swift; sourceTree = "<group>"; };
		83477CB329FEA7A500A5FF99 /* TaskButtons.swift */ = {isa = PBXFileReference; lastKnownFileType = sourcecode.swift; path = TaskButtons.swift; sourceTree = "<group>"; };
		8347B5A72CDF85A000AEB627 /* ResourceUpdateView.swift */ = {isa = PBXFileReference; lastKnownFileType = sourcecode.swift; path = ResourceUpdateView.swift; sourceTree = "<group>"; };
		8347B5AC2CDF8B2800AEB627 /* FileManager+unzipProgress.swift */ = {isa = PBXFileReference; lastKnownFileType = sourcecode.swift; path = "FileManager+unzipProgress.swift"; sourceTree = "<group>"; };
		8347B5AE2CDF925400AEB627 /* URLSession+downloadProgress.swift */ = {isa = PBXFileReference; lastKnownFileType = sourcecode.swift; path = "URLSession+downloadProgress.swift"; sourceTree = "<group>"; };
		834DEC112C4D94BD0073B5D4 /* ClosedownConfiguration.swift */ = {isa = PBXFileReference; lastKnownFileType = sourcecode.swift; path = ClosedownConfiguration.swift; sourceTree = "<group>"; };
		8352529E2D533F9000C6D6D3 /* MirrorChyan.swift */ = {isa = PBXFileReference; lastKnownFileType = sourcecode.swift; path = MirrorChyan.swift; sourceTree = "<group>"; };
		835252A02D534A9E00C6D6D3 /* GitHub.swift */ = {isa = PBXFileReference; lastKnownFileType = sourcecode.swift; path = GitHub.swift; sourceTree = "<group>"; };
		835252A22D53567D00C6D6D3 /* ResourceUpdater.swift */ = {isa = PBXFileReference; lastKnownFileType = sourcecode.swift; path = ResourceUpdater.swift; sourceTree = "<group>"; };
		83531D5E29F00F0A008A5DF8 /* CopilotView.swift */ = {isa = PBXFileReference; lastKnownFileType = sourcecode.swift; path = CopilotView.swift; sourceTree = "<group>"; };
		83531D6229F0A033008A5DF8 /* MAAInfrast.swift */ = {isa = PBXFileReference; lastKnownFileType = sourcecode.swift; path = MAAInfrast.swift; sourceTree = "<group>"; };
		8355E7AD29E7F9DD005D5A1C /* ContentView.swift */ = {isa = PBXFileReference; lastKnownFileType = sourcecode.swift; path = ContentView.swift; sourceTree = "<group>"; tabWidth = 2; };
		8355E7AF29E8722E005D5A1C /* TaskCell.swift */ = {isa = PBXFileReference; lastKnownFileType = sourcecode.swift; path = TaskCell.swift; sourceTree = "<group>"; };
		8355E7B329E918A2005D5A1C /* TasksContent.swift */ = {isa = PBXFileReference; lastKnownFileType = sourcecode.swift; path = TasksContent.swift; sourceTree = "<group>"; };
		8355E7B729E9E2B2005D5A1C /* Sidebar.swift */ = {isa = PBXFileReference; lastKnownFileType = sourcecode.swift; path = Sidebar.swift; sourceTree = "<group>"; };
		83661E2B29F77CFF007793CA /* VideoRecogView.swift */ = {isa = PBXFileReference; lastKnownFileType = sourcecode.swift; path = VideoRecogView.swift; sourceTree = "<group>"; };
		8366DE0029F2F26100F715E8 /* OperBoxView.swift */ = {isa = PBXFileReference; lastKnownFileType = sourcecode.swift; path = OperBoxView.swift; sourceTree = "<group>"; };
		8366DE0229F2F34100F715E8 /* MAAOperBox.swift */ = {isa = PBXFileReference; lastKnownFileType = sourcecode.swift; path = MAAOperBox.swift; sourceTree = "<group>"; };
		8368855029BD851F00C5B999 /* Version.xcconfig */ = {isa = PBXFileReference; lastKnownFileType = text.xcconfig; path = Version.xcconfig; sourceTree = "<group>"; };
		83782A282CFFA43200A32BDD /* LegacyUserTasks */ = {isa = PBXFileReference; lastKnownFileType = wrapper; path = LegacyUserTasks; sourceTree = "<group>"; };
		83782A2A2CFFAF2900A32BDD /* LegacyConfigurations.swift */ = {isa = PBXFileReference; lastKnownFileType = sourcecode.swift; path = LegacyConfigurations.swift; sourceTree = "<group>"; };
		83812ED12D5B0B8100CB39D6 /* Binding+semicolonString.swift */ = {isa = PBXFileReference; lastKnownFileType = sourcecode.swift; path = "Binding+semicolonString.swift"; sourceTree = "<group>"; };
		8383EA2C28F2AF23007DAB9D /* MaaMessage.swift */ = {isa = PBXFileReference; lastKnownFileType = sourcecode.swift; path = MaaMessage.swift; sourceTree = "<group>"; };
		8383EA2E28F2C5BD007DAB9D /* FightSettingsView.swift */ = {isa = PBXFileReference; lastKnownFileType = sourcecode.swift; path = FightSettingsView.swift; sourceTree = "<group>"; };
		838433CC2D65BD0C00B0F78E /* MAADev.entitlements */ = {isa = PBXFileReference; lastKnownFileType = text.plist.entitlements; path = MAADev.entitlements; sourceTree = "<group>"; };
		83885C112C4D5D1500B02663 /* README.md */ = {isa = PBXFileReference; lastKnownFileType = net.daringfireball.markdown; path = README.md; sourceTree = "<group>"; };
		838FF82129FBB9E3000566A0 /* GameSettingsView.swift */ = {isa = PBXFileReference; lastKnownFileType = sourcecode.swift; path = GameSettingsView.swift; sourceTree = "<group>"; };
		838FF82629FDD0F9000566A0 /* GachaView.swift */ = {isa = PBXFileReference; lastKnownFileType = sourcecode.swift; path = GachaView.swift; sourceTree = "<group>"; };
		838FF82829FDE1FA000566A0 /* MAAError.swift */ = {isa = PBXFileReference; lastKnownFileType = sourcecode.swift; path = MAAError.swift; sourceTree = "<group>"; };
		8391C9F92B2746FA0047DB20 /* MaaToolClient.swift */ = {isa = PBXFileReference; lastKnownFileType = sourcecode.swift; path = MaaToolClient.swift; sourceTree = "<group>"; };
		83BFABC72AF1D5BA001A79F4 /* AwardSettingsView.swift */ = {isa = PBXFileReference; lastKnownFileType = sourcecode.swift; path = AwardSettingsView.swift; sourceTree = "<group>"; };
		83CFD47029EAACD7000428A1 /* MAATask.swift */ = {isa = PBXFileReference; lastKnownFileType = sourcecode.swift; path = MAATask.swift; sourceTree = "<group>"; };
		83D061F52CF81519008F0140 /* FileLogger.swift */ = {isa = PBXFileReference; lastKnownFileType = sourcecode.swift; path = FileLogger.swift; sourceTree = "<group>"; };
		83D3283028F2E7A600018D10 /* RecruitSettingsView.swift */ = {isa = PBXFileReference; lastKnownFileType = sourcecode.swift; path = RecruitSettingsView.swift; sourceTree = "<group>"; };
		83D3283228F2F1BE00018D10 /* MallSettingsView.swift */ = {isa = PBXFileReference; lastKnownFileType = sourcecode.swift; path = MallSettingsView.swift; sourceTree = "<group>"; };
		83D3283628F2FA5B00018D10 /* InfrastSettingsView.swift */ = {isa = PBXFileReference; lastKnownFileType = sourcecode.swift; path = InfrastSettingsView.swift; sourceTree = "<group>"; };
		83D3283828F3048E00018D10 /* RoguelikeSettingsView.swift */ = {isa = PBXFileReference; lastKnownFileType = sourcecode.swift; path = RoguelikeSettingsView.swift; sourceTree = "<group>"; };
		83DD50B629BE385A000E84E7 /* UpdaterSettingsView.swift */ = {isa = PBXFileReference; lastKnownFileType = sourcecode.swift; path = UpdaterSettingsView.swift; sourceTree = "<group>"; };
		83E9D133294B74230091D1FF /* OpenCV.xcframework */ = {isa = PBXFileReference; lastKnownFileType = wrapper.xcframework; name = OpenCV.xcframework; path = ../../build/OpenCV.xcframework; sourceTree = "<group>"; };
		83E9D135294B74270091D1FF /* ONNXRuntime.xcframework */ = {isa = PBXFileReference; lastKnownFileType = wrapper.xcframework; name = ONNXRuntime.xcframework; path = ../../build/ONNXRuntime.xcframework; sourceTree = "<group>"; };
		83E9ED962DF693B20069CFE9 /* OTAFetcher.swift */ = {isa = PBXFileReference; lastKnownFileType = sourcecode.swift; path = OTAFetcher.swift; sourceTree = "<group>"; };
		83FF5A9B2978FE27000AE831 /* resource */ = {isa = PBXFileReference; lastKnownFileType = folder; name = resource; path = ../../../../resource; sourceTree = "<group>"; };
		92CDF6212A065E55005669EC /* Codeable+JSON.swift */ = {isa = PBXFileReference; lastKnownFileType = sourcecode.swift; path = "Codeable+JSON.swift"; sourceTree = "<group>"; };
		92EB82862A0CD315006DD9D2 /* SystemSettingsView.swift */ = {isa = PBXFileReference; lastKnownFileType = sourcecode.swift; path = SystemSettingsView.swift; sourceTree = "<group>"; };
		92F78D4C2A0A7B2E00999BD0 /* TaskTimerView.swift */ = {isa = PBXFileReference; lastKnownFileType = sourcecode.swift; path = TaskTimerView.swift; sourceTree = "<group>"; };
		92F78D4E2A0B361C00999BD0 /* TaskTimerManager.swift */ = {isa = PBXFileReference; lastKnownFileType = sourcecode.swift; path = TaskTimerManager.swift; sourceTree = "<group>"; };
		9BC2EEB22E3F188D0039C4DB /* MiniGameView.swift */ = {isa = PBXFileReference; lastKnownFileType = sourcecode.swift; path = MiniGameView.swift; sourceTree = "<group>"; };
/* End PBXFileReference section */

/* Begin PBXFrameworksBuildPhase section */
		833786C828F188D800D39D6F /* Frameworks */ = {
			isa = PBXFrameworksBuildPhase;
			buildActionMask = 2147483647;
			files = (
				8329859529EDB9EB009F7ED5 /* SwiftyJSON in Frameworks */,
				83782A2D2CFFB00000A32BDD /* LegacyUserTasks in Frameworks */,
				830C3D1C29BC7D8600B13A9F /* Sparkle in Frameworks */,
				833F7B2A29A34C440001DB2D /* fastdeploy_ppocr.xcframework in Frameworks */,
				831D2489293C9CE3005AC1CE /* MaaCore.xcframework in Frameworks */,
				83E9D139294B74460091D1FF /* ONNXRuntime.xcframework in Frameworks */,
				83E9D137294B74440091D1FF /* OpenCV.xcframework in Frameworks */,
				8347B5AB2CDF89CC00AEB627 /* ZIPFoundation in Frameworks */,
			);
			runOnlyForDeploymentPostprocessing = 0;
		};
/* End PBXFrameworksBuildPhase section */

/* Begin PBXGroup section */
		83245A0128F467C300ED6D4C /* Frameworks */ = {
			isa = PBXGroup;
			children = (
				831D2488293C9CE3005AC1CE /* MaaCore.xcframework */,
				833F7B2929A34C430001DB2D /* fastdeploy_ppocr.xcframework */,
				83E9D135294B74270091D1FF /* ONNXRuntime.xcframework */,
				83E9D133294B74230091D1FF /* OpenCV.xcframework */,
			);
			name = Frameworks;
			sourceTree = "<group>";
		};
		83264A2729EBEB9B0074E33A /* Task Configurations */ = {
			isa = PBXGroup;
			children = (
				83264A2829EBEBB00074E33A /* MAATaskConfiguration.swift */,
				83264A2A29EBED780074E33A /* StartupConfiguration.swift */,
				834DEC112C4D94BD0073B5D4 /* ClosedownConfiguration.swift */,
				83264A2C29EBEDD80074E33A /* FightConfiguration.swift */,
				83264A2E29EBEE140074E33A /* RecruitConfiguration.swift */,
				83264A3029EBEE3C0074E33A /* InfrastConfiguration.swift */,
				83264A3229EBEE680074E33A /* MallConfiguration.swift */,
				83264A3429EBEE8D0074E33A /* AwardConfiguration.swift */,
				8341194F29EC249E00044F45 /* RoguelikeConfiguration.swift */,
				8341195429EC55C600044F45 /* CopilotConfiguration.swift */,
				832985AF29EEF483009F7ED5 /* ReclamationConfiguration.swift */,
				83782A2A2CFFAF2900A32BDD /* LegacyConfigurations.swift */,
			);
			path = "Task Configurations";
			sourceTree = "<group>";
		};
		83264A3629EBF0700074E33A /* Configuration Views */ = {
			isa = PBXGroup;
			children = (
				8315B0BC290E48F300AE7FDC /* StartupSettingsView.swift */,
				83D3283028F2E7A600018D10 /* RecruitSettingsView.swift */,
				83D3283628F2FA5B00018D10 /* InfrastSettingsView.swift */,
				8383EA2E28F2C5BD007DAB9D /* FightSettingsView.swift */,
				83D3283228F2F1BE00018D10 /* MallSettingsView.swift */,
				83BFABC72AF1D5BA001A79F4 /* AwardSettingsView.swift */,
				83D3283828F3048E00018D10 /* RoguelikeSettingsView.swift */,
				83264A2529EBC9C10074E33A /* ReclamationSettingsView.swift */,
			);
			path = "Configuration Views";
			sourceTree = "<group>";
		};
		8329858D29EDAC1C009F7ED5 /* Main Menu */ = {
			isa = PBXGroup;
			children = (
				830C3D1D29BC7DE200B13A9F /* CheckForUpdatesView.swift */,
				8329858B29EDA8DB009F7ED5 /* OpenLogFileView.swift */,
				83477CB129FEA12300A5FF99 /* TaskCommands.swift */,
			);
			path = "Main Menu";
			sourceTree = "<group>";
		};
		8329858E29EDAC7B009F7ED5 /* Views */ = {
			isa = PBXGroup;
			children = (
				459E18F12E580C41004AF69D /* InstantTooltip.swift */,
				83264A3A29EC0F2E0074E33A /* LogView.swift */,
				9BC2EEB22E3F188D0039C4DB /* MiniGameView.swift */,
				83477CB329FEA7A500A5FF99 /* TaskButtons.swift */,
				8355E7AF29E8722E005D5A1C /* TaskCell.swift */,
				832985A929EE9958009F7ED5 /* RecruitView.swift */,
				832985AB29EE9977009F7ED5 /* DepotView.swift */,
				83531D5E29F00F0A008A5DF8 /* CopilotView.swift */,
				8366DE0029F2F26100F715E8 /* OperBoxView.swift */,
				83661E2B29F77CFF007793CA /* VideoRecogView.swift */,
				838FF82629FDD0F9000566A0 /* GachaView.swift */,
				92F78D4C2A0A7B2E00999BD0 /* TaskTimerView.swift */,
				8347B5A72CDF85A000AEB627 /* ResourceUpdateView.swift */,
			);
			path = Views;
			sourceTree = "<group>";
		};
		8329858F29EDAC91009F7ED5 /* Core */ = {
			isa = PBXGroup;
			children = (
				8337870128F1D95F00D39D6F /* Maa.swift */,
				8383EA2C28F2AF23007DAB9D /* MaaMessage.swift */,
				8391C9F92B2746FA0047DB20 /* MaaToolClient.swift */,
			);
			path = Core;
			sourceTree = "<group>";
		};
		832985B729EF98D0009F7ED5 /* Navigation */ = {
			isa = PBXGroup;
			children = (
				8355E7AD29E7F9DD005D5A1C /* ContentView.swift */,
				8355E7B729E9E2B2005D5A1C /* Sidebar.swift */,
				832985B829EF9D50009F7ED5 /* MAAContent.swift */,
				832985BC29EFA43B009F7ED5 /* MAADetail.swift */,
				8355E7B329E918A2005D5A1C /* TasksContent.swift */,
				8341195C29EC719B00044F45 /* CopilotContent.swift */,
				832985AD29EEE672009F7ED5 /* UtilityContent.swift */,
				832985BA29EFA26D009F7ED5 /* TaskDetail.swift */,
				8329858929ED121A009F7ED5 /* CopilotDetail.swift */,
				832985C029EFB665009F7ED5 /* UtilityDetail.swift */,
			);
			path = Navigation;
			sourceTree = "<group>";
		};
		833786C228F188D800D39D6F = {
			isa = PBXGroup;
			children = (
				8337871028F1DF4A00D39D6F /* ExternalTools */,
				833786CD28F188D800D39D6F /* MeoAsstMac */,
				83661E2529F628DA007793CA /* Resources */,
				8368855029BD851F00C5B999 /* Version.xcconfig */,
				83885C112C4D5D1500B02663 /* README.md */,
				83782A292CFFA43200A32BDD /* Packages */,
				833786CC28F188D800D39D6F /* Products */,
				83245A0128F467C300ED6D4C /* Frameworks */,
			);
			sourceTree = "<group>";
		};
		833786CC28F188D800D39D6F /* Products */ = {
			isa = PBXGroup;
			children = (
				833786CB28F188D800D39D6F /* MAA.app */,
			);
			name = Products;
			sourceTree = "<group>";
		};
		833786CD28F188D800D39D6F /* MeoAsstMac */ = {
			isa = PBXGroup;
			children = (
				833786CE28F188D800D39D6F /* MeoAsstMacApp.swift */,
				8329858F29EDAC91009F7ED5 /* Core */,
				8341195129EC258D00044F45 /* Model */,
				8329858E29EDAC7B009F7ED5 /* Views */,
				832985B729EF98D0009F7ED5 /* Navigation */,
				8329858D29EDAC1C009F7ED5 /* Main Menu */,
				83264A3629EBF0700074E33A /* Configuration Views */,
				83264A2729EBEB9B0074E33A /* Task Configurations */,
				92CDF6202A065E20005669EC /* Utils */,
				83FF5A98297855E5000AE831 /* Settings */,
				8337870728F1DA7B00D39D6F /* Resources */,
				833786D228F188D900D39D6F /* Assets.xcassets */,
				830C3D1F29BC86EE00B13A9F /* Info.plist */,
				833786D728F188D900D39D6F /* MeoAsstMac.entitlements */,
				838433CC2D65BD0C00B0F78E /* MAADev.entitlements */,
				833786D428F188D900D39D6F /* Preview Content */,
			);
			indentWidth = 4;
			path = MeoAsstMac;
			sourceTree = "<group>";
			tabWidth = 4;
		};
		833786D428F188D900D39D6F /* Preview Content */ = {
			isa = PBXGroup;
			children = (
				833786D528F188D900D39D6F /* Preview Assets.xcassets */,
			);
			path = "Preview Content";
			sourceTree = "<group>";
		};
		8337870728F1DA7B00D39D6F /* Resources */ = {
			isa = PBXGroup;
			children = (
				83FF5A9B2978FE27000AE831 /* resource */,
			);
			path = Resources;
			sourceTree = "<group>";
		};
		8337871028F1DF4A00D39D6F /* ExternalTools */ = {
			isa = PBXGroup;
			children = (
				8337871128F1DFB900D39D6F /* adb */,
				8337871228F1DFC100D39D6F /* adb.entitlements */,
			);
			path = ExternalTools;
			sourceTree = "<group>";
		};
		8341195129EC258D00044F45 /* Model */ = {
			isa = PBXGroup;
			children = (
				8341195629EC58CF00044F45 /* MAACopilot.swift */,
				832985B529EF1890009F7ED5 /* MAADepot.swift */,
				838FF82829FDE1FA000566A0 /* MAAError.swift */,
				83531D6229F0A033008A5DF8 /* MAAInfrast.swift */,
				8341195229EC25A900044F45 /* MAALog.swift */,
				8366DE0229F2F34100F715E8 /* MAAOperBox.swift */,
				832985B329EF1219009F7ED5 /* MAARecruit.swift */,
				83CFD47029EAACD7000428A1 /* MAATask.swift */,
				83264A3D29EC22DE0074E33A /* MAAViewModel.swift */,
			);
			path = Model;
			sourceTree = "<group>";
		};
		83661E2529F628DA007793CA /* Resources */ = {
			isa = PBXGroup;
			children = (
				8320E6632CFE004D00F4BC95 /* Localizable.xcstrings */,
			);
			path = Resources;
			sourceTree = "<group>";
		};
		83782A292CFFA43200A32BDD /* Packages */ = {
			isa = PBXGroup;
			children = (
				83782A282CFFA43200A32BDD /* LegacyUserTasks */,
			);
			path = Packages;
			sourceTree = "<group>";
		};
		83FF5A98297855E5000AE831 /* Settings */ = {
			isa = PBXGroup;
			children = (
				4591DA482E571CC400595709 /* RemoteSettingsView.swift */,
				8334777928F3A14A00499D0A /* ConnectionSettingsView.swift */,
				838FF82129FBB9E3000566A0 /* GameSettingsView.swift */,
				83DD50B629BE385A000E84E7 /* UpdaterSettingsView.swift */,
				92EB82862A0CD315006DD9D2 /* SystemSettingsView.swift */,
			);
			path = Settings;
			sourceTree = "<group>";
		};
		92CDF6202A065E20005669EC /* Utils */ = {
			isa = PBXGroup;
			children = (
				45E56BD72E62F68B003E70CE /* NotificationManager.swift */,
				45E56BD12E62F66D003E70CE /* NotificationService.swift */,
				45E56BD52E62F683003E70CE /* DingTalkService.swift */,
				45E56BD32E62F678003E70CE /* BarkService.swift */,
				451893742E572880007D95AB /* DingTalkBotClient.swift */,
				92CDF6212A065E55005669EC /* Codeable+JSON.swift */,
				92F78D4E2A0B361C00999BD0 /* TaskTimerManager.swift */,
				8347B5AE2CDF925400AEB627 /* URLSession+downloadProgress.swift */,
				8347B5AC2CDF8B2800AEB627 /* FileManager+unzipProgress.swift */,
				83D061F52CF81519008F0140 /* FileLogger.swift */,
				835252A22D53567D00C6D6D3 /* ResourceUpdater.swift */,
				8352529E2D533F9000C6D6D3 /* MirrorChyan.swift */,
				835252A02D534A9E00C6D6D3 /* GitHub.swift */,
				83812ED12D5B0B8100CB39D6 /* Binding+semicolonString.swift */,
				83E9ED962DF693B20069CFE9 /* OTAFetcher.swift */,
			);
			path = Utils;
			sourceTree = "<group>";
		};
/* End PBXGroup section */

/* Begin PBXNativeTarget section */
		833786CA28F188D800D39D6F /* MAA */ = {
			isa = PBXNativeTarget;
			buildConfigurationList = 833786DA28F188D900D39D6F /* Build configuration list for PBXNativeTarget "MAA" */;
			buildPhases = (
				833786C728F188D800D39D6F /* Sources */,
				833786C828F188D800D39D6F /* Frameworks */,
				833786C928F188D800D39D6F /* Resources */,
				83245A0528F467C400ED6D4C /* Embed Frameworks */,
				8337870D28F1DD8800D39D6F /* Embed Helper Tools */,
			);
			buildRules = (
			);
			dependencies = (
			);
			name = MAA;
			packageProductDependencies = (
				830C3D1B29BC7D8600B13A9F /* Sparkle */,
				8329859429EDB9EB009F7ED5 /* SwiftyJSON */,
				8347B5AA2CDF89CC00AEB627 /* ZIPFoundation */,
				83782A2C2CFFB00000A32BDD /* LegacyUserTasks */,
			);
			productName = MeoAsstMac;
			productReference = 833786CB28F188D800D39D6F /* MAA.app */;
			productType = "com.apple.product-type.application";
		};
/* End PBXNativeTarget section */

/* Begin PBXProject section */
		833786C328F188D800D39D6F /* Project object */ = {
			isa = PBXProject;
			attributes = {
				BuildIndependentTargetsInParallel = 1;
				LastSwiftUpdateCheck = 1430;
				LastUpgradeCheck = 1420;
				TargetAttributes = {
					833786CA28F188D800D39D6F = {
						CreatedOnToolsVersion = 14.0.1;
					};
				};
			};
			buildConfigurationList = 833786C628F188D800D39D6F /* Build configuration list for PBXProject "MeoAsstMac" */;
			compatibilityVersion = "Xcode 13.0";
			developmentRegion = "zh-Hans";
			hasScannedForEncodings = 0;
			knownRegions = (
				en,
				"zh-Hans",
				ko,
			);
			mainGroup = 833786C228F188D800D39D6F;
			packageReferences = (
				830C3D1A29BC7D8600B13A9F /* XCRemoteSwiftPackageReference "Sparkle" */,
				8329859329EDB9EB009F7ED5 /* XCRemoteSwiftPackageReference "SwiftyJSON" */,
				8347B5A92CDF89CC00AEB627 /* XCRemoteSwiftPackageReference "ZIPFoundation" */,
			);
			productRefGroup = 833786CC28F188D800D39D6F /* Products */;
			projectDirPath = "";
			projectRoot = "";
			targets = (
				833786CA28F188D800D39D6F /* MAA */,
			);
		};
/* End PBXProject section */

/* Begin PBXResourcesBuildPhase section */
		833786C928F188D800D39D6F /* Resources */ = {
			isa = PBXResourcesBuildPhase;
			buildActionMask = 2147483647;
			files = (
				8320E6642CFE004D00F4BC95 /* Localizable.xcstrings in Resources */,
				83FF5A9C2978FE27000AE831 /* resource in Resources */,
				833786D628F188D900D39D6F /* Preview Assets.xcassets in Resources */,
				833786D328F188D900D39D6F /* Assets.xcassets in Resources */,
			);
			runOnlyForDeploymentPostprocessing = 0;
		};
/* End PBXResourcesBuildPhase section */

/* Begin PBXSourcesBuildPhase section */
		833786C728F188D800D39D6F /* Sources */ = {
			isa = PBXSourcesBuildPhase;
			buildActionMask = 2147483647;
			files = (
				8341195D29EC719B00044F45 /* CopilotContent.swift in Sources */,
				45E56BD42E62F678003E70CE /* BarkService.swift in Sources */,
				8355E7B429E918A2005D5A1C /* TasksContent.swift in Sources */,
				832985AA29EE9958009F7ED5 /* RecruitView.swift in Sources */,
				83264A3B29EC0F2E0074E33A /* LogView.swift in Sources */,
				45E56BD62E62F683003E70CE /* DingTalkService.swift in Sources */,
				83812ED22D5B0B8100CB39D6 /* Binding+semicolonString.swift in Sources */,
				8341195329EC25A900044F45 /* MAALog.swift in Sources */,
				83BFABC82AF1D5BA001A79F4 /* AwardSettingsView.swift in Sources */,
				9BC2EEB32E3F188D0039C4DB /* MiniGameView.swift in Sources */,
				832985BB29EFA26D009F7ED5 /* TaskDetail.swift in Sources */,
				834DEC122C4D94BD0073B5D4 /* ClosedownConfiguration.swift in Sources */,
				83477CB429FEA7A500A5FF99 /* TaskButtons.swift in Sources */,
				8355E7B829E9E2B2005D5A1C /* Sidebar.swift in Sources */,
				83661E2C29F77CFF007793CA /* VideoRecogView.swift in Sources */,
				8337870228F1D95F00D39D6F /* Maa.swift in Sources */,
				832985B929EF9D50009F7ED5 /* MAAContent.swift in Sources */,
				459E18F22E580C41004AF69D /* InstantTooltip.swift in Sources */,
				830C3D1E29BC7DE200B13A9F /* CheckForUpdatesView.swift in Sources */,
				832985B029EEF483009F7ED5 /* ReclamationConfiguration.swift in Sources */,
				833786CF28F188D800D39D6F /* MeoAsstMacApp.swift in Sources */,
				83CFD47129EAACD7000428A1 /* MAATask.swift in Sources */,
				8347B5AF2CDF925400AEB627 /* URLSession+downloadProgress.swift in Sources */,
				8383EA2D28F2AF23007DAB9D /* MaaMessage.swift in Sources */,
				8341195529EC55C600044F45 /* CopilotConfiguration.swift in Sources */,
				8366DE0329F2F34100F715E8 /* MAAOperBox.swift in Sources */,
				8329858A29ED121A009F7ED5 /* CopilotDetail.swift in Sources */,
				838FF82229FBB9E3000566A0 /* GameSettingsView.swift in Sources */,
				832985AC29EE9977009F7ED5 /* DepotView.swift in Sources */,
				83531D6329F0A033008A5DF8 /* MAAInfrast.swift in Sources */,
				8355E7AE29E7F9DD005D5A1C /* ContentView.swift in Sources */,
				8355E7B029E8722E005D5A1C /* TaskCell.swift in Sources */,
				8334777A28F3A14A00499D0A /* ConnectionSettingsView.swift in Sources */,
				92F78D4F2A0B361C00999BD0 /* TaskTimerManager.swift in Sources */,
				4591DA492E571CD100595709 /* RemoteSettingsView.swift in Sources */,
				83DD50B729BE393C000E84E7 /* UpdaterSettingsView.swift in Sources */,
				92CDF6222A065E55005669EC /* Codeable+JSON.swift in Sources */,
				83264A3E29EC22DE0074E33A /* MAAViewModel.swift in Sources */,
				92F78D4D2A0A7B2E00999BD0 /* TaskTimerView.swift in Sources */,
				8383EA2F28F2C5BD007DAB9D /* FightSettingsView.swift in Sources */,
				45E56BD82E62F68B003E70CE /* NotificationManager.swift in Sources */,
				83531D5F29F00F0A008A5DF8 /* CopilotView.swift in Sources */,
				83477CB229FEA12300A5FF99 /* TaskCommands.swift in Sources */,
				8329858C29EDA952009F7ED5 /* OpenLogFileView.swift in Sources */,
				83D3283728F2FA5B00018D10 /* InfrastSettingsView.swift in Sources */,
				83D3283328F2F1BE00018D10 /* MallSettingsView.swift in Sources */,
				83D3283128F2E7A600018D10 /* RecruitSettingsView.swift in Sources */,
				832985AE29EEE672009F7ED5 /* UtilityContent.swift in Sources */,
				838FF82929FDE1FA000566A0 /* MAAError.swift in Sources */,
				832985B429EF1219009F7ED5 /* MAARecruit.swift in Sources */,
				83E9ED972DF693B20069CFE9 /* OTAFetcher.swift in Sources */,
				83264A2629EBC9C10074E33A /* ReclamationSettingsView.swift in Sources */,
				832985B629EF1890009F7ED5 /* MAADepot.swift in Sources */,
				83D3283928F3048E00018D10 /* RoguelikeSettingsView.swift in Sources */,
				92EB82872A0CD315006DD9D2 /* SystemSettingsView.swift in Sources */,
				8315B0BD290E48F300AE7FDC /* StartupSettingsView.swift in Sources */,
				83264A3529EBEE8D0074E33A /* AwardConfiguration.swift in Sources */,
				832985BD29EFA43B009F7ED5 /* MAADetail.swift in Sources */,
				83264A2D29EBEDD80074E33A /* FightConfiguration.swift in Sources */,
				8366DE0129F2F26100F715E8 /* OperBoxView.swift in Sources */,
				832985C129EFB665009F7ED5 /* UtilityDetail.swift in Sources */,
				8352529F2D533F9000C6D6D3 /* MirrorChyan.swift in Sources */,
				835252A32D53567D00C6D6D3 /* ResourceUpdater.swift in Sources */,
				83264A3129EBEE3C0074E33A /* InfrastConfiguration.swift in Sources */,
				451893752E572885007D95AB /* DingTalkBotClient.swift in Sources */,
				8347B5AD2CDF8B2800AEB627 /* FileManager+unzipProgress.swift in Sources */,
				83264A2929EBEBB00074E33A /* MAATaskConfiguration.swift in Sources */,
				45E56BD22E62F66D003E70CE /* NotificationService.swift in Sources */,
				83264A3329EBEE680074E33A /* MallConfiguration.swift in Sources */,
				83D061F62CF81519008F0140 /* FileLogger.swift in Sources */,
				8341195729EC58CF00044F45 /* MAACopilot.swift in Sources */,
				8347B5A82CDF85A000AEB627 /* ResourceUpdateView.swift in Sources */,
				8391C9FA2B2746FA0047DB20 /* MaaToolClient.swift in Sources */,
				835252A12D534A9E00C6D6D3 /* GitHub.swift in Sources */,
				838FF82729FDD0F9000566A0 /* GachaView.swift in Sources */,
				83782A2B2CFFAF2900A32BDD /* LegacyConfigurations.swift in Sources */,
				83264A2F29EBEE140074E33A /* RecruitConfiguration.swift in Sources */,
				8341195029EC249E00044F45 /* RoguelikeConfiguration.swift in Sources */,
				83264A2B29EBED780074E33A /* StartupConfiguration.swift in Sources */,
			);
			runOnlyForDeploymentPostprocessing = 0;
		};
/* End PBXSourcesBuildPhase section */

/* Begin XCBuildConfiguration section */
		833786D828F188D900D39D6F /* Debug */ = {
			isa = XCBuildConfiguration;
			baseConfigurationReference = 8368855029BD851F00C5B999 /* Version.xcconfig */;
			buildSettings = {
				ALWAYS_SEARCH_USER_PATHS = NO;
				CLANG_ANALYZER_LOCALIZABILITY_NONLOCALIZED = YES;
				CLANG_ANALYZER_NONNULL = YES;
				CLANG_ANALYZER_NUMBER_OBJECT_CONVERSION = YES_AGGRESSIVE;
				CLANG_CXX_LANGUAGE_STANDARD = "gnu++20";
				CLANG_ENABLE_MODULES = YES;
				CLANG_ENABLE_OBJC_ARC = YES;
				CLANG_ENABLE_OBJC_WEAK = YES;
				CLANG_WARN_BLOCK_CAPTURE_AUTORELEASING = YES;
				CLANG_WARN_BOOL_CONVERSION = YES;
				CLANG_WARN_COMMA = YES;
				CLANG_WARN_CONSTANT_CONVERSION = YES;
				CLANG_WARN_DEPRECATED_OBJC_IMPLEMENTATIONS = YES;
				CLANG_WARN_DIRECT_OBJC_ISA_USAGE = YES_ERROR;
				CLANG_WARN_DOCUMENTATION_COMMENTS = YES;
				CLANG_WARN_EMPTY_BODY = YES;
				CLANG_WARN_ENUM_CONVERSION = YES;
				CLANG_WARN_INFINITE_RECURSION = YES;
				CLANG_WARN_INT_CONVERSION = YES;
				CLANG_WARN_NON_LITERAL_NULL_CONVERSION = YES;
				CLANG_WARN_OBJC_IMPLICIT_RETAIN_SELF = YES;
				CLANG_WARN_OBJC_LITERAL_CONVERSION = YES;
				CLANG_WARN_OBJC_ROOT_CLASS = YES_ERROR;
				CLANG_WARN_QUOTED_INCLUDE_IN_FRAMEWORK_HEADER = YES;
				CLANG_WARN_RANGE_LOOP_ANALYSIS = YES;
				CLANG_WARN_STRICT_PROTOTYPES = YES;
				CLANG_WARN_SUSPICIOUS_MOVE = YES;
				CLANG_WARN_UNGUARDED_AVAILABILITY = YES_AGGRESSIVE;
				CLANG_WARN_UNREACHABLE_CODE = YES;
				CLANG_WARN__DUPLICATE_METHOD_MATCH = YES;
				COPY_PHASE_STRIP = NO;
				DEAD_CODE_STRIPPING = YES;
				DEBUG_INFORMATION_FORMAT = dwarf;
				ENABLE_STRICT_OBJC_MSGSEND = YES;
				ENABLE_TESTABILITY = YES;
				GCC_C_LANGUAGE_STANDARD = gnu11;
				GCC_DYNAMIC_NO_PIC = NO;
				GCC_NO_COMMON_BLOCKS = YES;
				GCC_OPTIMIZATION_LEVEL = 0;
				GCC_PREPROCESSOR_DEFINITIONS = (
					"DEBUG=1",
					"$(inherited)",
				);
				GCC_WARN_64_TO_32_BIT_CONVERSION = YES;
				GCC_WARN_ABOUT_RETURN_TYPE = YES_ERROR;
				GCC_WARN_UNDECLARED_SELECTOR = YES;
				GCC_WARN_UNINITIALIZED_AUTOS = YES_AGGRESSIVE;
				GCC_WARN_UNUSED_FUNCTION = YES;
				GCC_WARN_UNUSED_VARIABLE = YES;
				LOCALIZATION_PREFERS_STRING_CATALOGS = YES;
				MACOSX_DEPLOYMENT_TARGET = 12.0;
				MTL_ENABLE_DEBUG_INFO = INCLUDE_SOURCE;
				MTL_FAST_MATH = YES;
				ONLY_ACTIVE_ARCH = YES;
				SDKROOT = macosx;
				SWIFT_ACTIVE_COMPILATION_CONDITIONS = DEBUG;
				SWIFT_EMIT_LOC_STRINGS = YES;
				SWIFT_OPTIMIZATION_LEVEL = "-Onone";
			};
			name = Debug;
		};
		833786DB28F188D900D39D6F /* Debug */ = {
			isa = XCBuildConfiguration;
			buildSettings = {
				ALWAYS_EMBED_SWIFT_STANDARD_LIBRARIES = YES;
				ASSETCATALOG_COMPILER_APPICON_NAME = AppIcon;
				ASSETCATALOG_COMPILER_GLOBAL_ACCENT_COLOR_NAME = AccentColor;
				CODE_SIGN_ENTITLEMENTS = MeoAsstMac/MAADev.entitlements;
				CODE_SIGN_IDENTITY = "-";
				CODE_SIGN_STYLE = Automatic;
				COMBINE_HIDPI_IMAGES = YES;
				DEAD_CODE_STRIPPING = YES;
				DEVELOPMENT_ASSET_PATHS = "\"MeoAsstMac/Preview Content\"";
				DEVELOPMENT_TEAM = "";
				ENABLE_HARDENED_RUNTIME = YES;
				ENABLE_PREVIEWS = YES;
				GENERATE_INFOPLIST_FILE = YES;
				INFOPLIST_FILE = MeoAsstMac/Info.plist;
				INFOPLIST_KEY_NSHumanReadableCopyright = "";
				LD_RUNPATH_SEARCH_PATHS = (
					"$(inherited)",
					"@executable_path/../Frameworks",
				);
				PRODUCT_BUNDLE_IDENTIFIER = com.hguandl.MeoAsstMac;
				PRODUCT_NAME = "$(TARGET_NAME)";
				PROVISIONING_PROFILE_SPECIFIER = "";
				SWIFT_EMIT_LOC_STRINGS = YES;
				SWIFT_VERSION = 5.0;
			};
			name = Debug;
		};
		83E9D13D294B8C310091D1FF /* Release */ = {
			isa = XCBuildConfiguration;
			baseConfigurationReference = 8368855029BD851F00C5B999 /* Version.xcconfig */;
			buildSettings = {
				ALWAYS_SEARCH_USER_PATHS = NO;
				CLANG_ANALYZER_LOCALIZABILITY_NONLOCALIZED = YES;
				CLANG_ANALYZER_NONNULL = YES;
				CLANG_ANALYZER_NUMBER_OBJECT_CONVERSION = YES_AGGRESSIVE;
				CLANG_CXX_LANGUAGE_STANDARD = "gnu++20";
				CLANG_ENABLE_MODULES = YES;
				CLANG_ENABLE_OBJC_ARC = YES;
				CLANG_ENABLE_OBJC_WEAK = YES;
				CLANG_WARN_BLOCK_CAPTURE_AUTORELEASING = YES;
				CLANG_WARN_BOOL_CONVERSION = YES;
				CLANG_WARN_COMMA = YES;
				CLANG_WARN_CONSTANT_CONVERSION = YES;
				CLANG_WARN_DEPRECATED_OBJC_IMPLEMENTATIONS = YES;
				CLANG_WARN_DIRECT_OBJC_ISA_USAGE = YES_ERROR;
				CLANG_WARN_DOCUMENTATION_COMMENTS = YES;
				CLANG_WARN_EMPTY_BODY = YES;
				CLANG_WARN_ENUM_CONVERSION = YES;
				CLANG_WARN_INFINITE_RECURSION = YES;
				CLANG_WARN_INT_CONVERSION = YES;
				CLANG_WARN_NON_LITERAL_NULL_CONVERSION = YES;
				CLANG_WARN_OBJC_IMPLICIT_RETAIN_SELF = YES;
				CLANG_WARN_OBJC_LITERAL_CONVERSION = YES;
				CLANG_WARN_OBJC_ROOT_CLASS = YES_ERROR;
				CLANG_WARN_QUOTED_INCLUDE_IN_FRAMEWORK_HEADER = YES;
				CLANG_WARN_RANGE_LOOP_ANALYSIS = YES;
				CLANG_WARN_STRICT_PROTOTYPES = YES;
				CLANG_WARN_SUSPICIOUS_MOVE = YES;
				CLANG_WARN_UNGUARDED_AVAILABILITY = YES_AGGRESSIVE;
				CLANG_WARN_UNREACHABLE_CODE = YES;
				CLANG_WARN__DUPLICATE_METHOD_MATCH = YES;
				COPY_PHASE_STRIP = NO;
				DEAD_CODE_STRIPPING = YES;
				DEBUG_INFORMATION_FORMAT = "dwarf-with-dsym";
				ENABLE_NS_ASSERTIONS = NO;
				ENABLE_STRICT_OBJC_MSGSEND = YES;
				GCC_C_LANGUAGE_STANDARD = gnu11;
				GCC_NO_COMMON_BLOCKS = YES;
				GCC_WARN_64_TO_32_BIT_CONVERSION = YES;
				GCC_WARN_ABOUT_RETURN_TYPE = YES_ERROR;
				GCC_WARN_UNDECLARED_SELECTOR = YES;
				GCC_WARN_UNINITIALIZED_AUTOS = YES_AGGRESSIVE;
				GCC_WARN_UNUSED_FUNCTION = YES;
				GCC_WARN_UNUSED_VARIABLE = YES;
				LOCALIZATION_PREFERS_STRING_CATALOGS = YES;
				MACOSX_DEPLOYMENT_TARGET = 12.0;
				MTL_ENABLE_DEBUG_INFO = NO;
				MTL_FAST_MATH = YES;
				SDKROOT = macosx;
				SWIFT_COMPILATION_MODE = wholemodule;
				SWIFT_EMIT_LOC_STRINGS = YES;
				SWIFT_OPTIMIZATION_LEVEL = "-O";
			};
			name = Release;
		};
		83E9D13E294B8C310091D1FF /* Release */ = {
			isa = XCBuildConfiguration;
			buildSettings = {
				ALWAYS_EMBED_SWIFT_STANDARD_LIBRARIES = YES;
				ASSETCATALOG_COMPILER_APPICON_NAME = AppIcon;
				ASSETCATALOG_COMPILER_GLOBAL_ACCENT_COLOR_NAME = AccentColor;
				CODE_SIGN_ENTITLEMENTS = MeoAsstMac/MeoAsstMac.entitlements;
				CODE_SIGN_IDENTITY = "Developer ID Application";
				CODE_SIGN_STYLE = Manual;
				COMBINE_HIDPI_IMAGES = YES;
				DEAD_CODE_STRIPPING = YES;
				DEVELOPMENT_ASSET_PATHS = "\"MeoAsstMac/Preview Content\"";
				DEVELOPMENT_TEAM = 29V29Y67P2;
				ENABLE_HARDENED_RUNTIME = YES;
				ENABLE_PREVIEWS = YES;
				GENERATE_INFOPLIST_FILE = YES;
				INFOPLIST_FILE = MeoAsstMac/Info.plist;
				INFOPLIST_KEY_NSHumanReadableCopyright = "";
				LD_RUNPATH_SEARCH_PATHS = (
					"$(inherited)",
					"@executable_path/../Frameworks",
				);
				PRODUCT_BUNDLE_IDENTIFIER = com.hguandl.MeoAsstMac;
				PRODUCT_NAME = "$(TARGET_NAME)";
				PROVISIONING_PROFILE_SPECIFIER = "MAA CI Workflow";
				SWIFT_EMIT_LOC_STRINGS = YES;
				SWIFT_VERSION = 5.0;
			};
			name = Release;
		};
/* End XCBuildConfiguration section */

/* Begin XCConfigurationList section */
		833786C628F188D800D39D6F /* Build configuration list for PBXProject "MeoAsstMac" */ = {
			isa = XCConfigurationList;
			buildConfigurations = (
				833786D828F188D900D39D6F /* Debug */,
				83E9D13D294B8C310091D1FF /* Release */,
			);
			defaultConfigurationIsVisible = 0;
			defaultConfigurationName = Debug;
		};
		833786DA28F188D900D39D6F /* Build configuration list for PBXNativeTarget "MAA" */ = {
			isa = XCConfigurationList;
			buildConfigurations = (
				833786DB28F188D900D39D6F /* Debug */,
				83E9D13E294B8C310091D1FF /* Release */,
			);
			defaultConfigurationIsVisible = 0;
			defaultConfigurationName = Debug;
		};
/* End XCConfigurationList section */

/* Begin XCRemoteSwiftPackageReference section */
		830C3D1A29BC7D8600B13A9F /* XCRemoteSwiftPackageReference "Sparkle" */ = {
			isa = XCRemoteSwiftPackageReference;
			repositoryURL = "https://github.com/sparkle-project/Sparkle";
			requirement = {
				kind = upToNextMajorVersion;
				minimumVersion = 2.0.0;
			};
		};
		8329859329EDB9EB009F7ED5 /* XCRemoteSwiftPackageReference "SwiftyJSON" */ = {
			isa = XCRemoteSwiftPackageReference;
			repositoryURL = "https://github.com/SwiftyJSON/SwiftyJSON.git";
			requirement = {
				kind = upToNextMajorVersion;
				minimumVersion = 5.0.0;
			};
		};
		8347B5A92CDF89CC00AEB627 /* XCRemoteSwiftPackageReference "ZIPFoundation" */ = {
			isa = XCRemoteSwiftPackageReference;
			repositoryURL = "https://github.com/weichsel/ZIPFoundation";
			requirement = {
				kind = upToNextMajorVersion;
				minimumVersion = 0.9.19;
			};
		};
/* End XCRemoteSwiftPackageReference section */

/* Begin XCSwiftPackageProductDependency section */
		830C3D1B29BC7D8600B13A9F /* Sparkle */ = {
			isa = XCSwiftPackageProductDependency;
			package = 830C3D1A29BC7D8600B13A9F /* XCRemoteSwiftPackageReference "Sparkle" */;
			productName = Sparkle;
		};
		8329859429EDB9EB009F7ED5 /* SwiftyJSON */ = {
			isa = XCSwiftPackageProductDependency;
			package = 8329859329EDB9EB009F7ED5 /* XCRemoteSwiftPackageReference "SwiftyJSON" */;
			productName = SwiftyJSON;
		};
		8347B5AA2CDF89CC00AEB627 /* ZIPFoundation */ = {
			isa = XCSwiftPackageProductDependency;
			package = 8347B5A92CDF89CC00AEB627 /* XCRemoteSwiftPackageReference "ZIPFoundation" */;
			productName = ZIPFoundation;
		};
		83782A2C2CFFB00000A32BDD /* LegacyUserTasks */ = {
			isa = XCSwiftPackageProductDependency;
			productName = LegacyUserTasks;
		};
/* End XCSwiftPackageProductDependency section */
	};
	rootObject = 833786C328F188D800D39D6F /* Project object */;
}
