// !$*UTF8*$!
{
	archiveVersion = 1;
	classes = {
	};
	objectVersion = 55;
	objects = {

/* Begin PBXBuildFile section */
		8315B0BD290E48F300AE7FDC /* StartupSettingsView.swift in Sources */ = {isa = PBXBuildFile; fileRef = 8315B0BC290E48F300AE7FDC /* StartupSettingsView.swift */; };
		831D2489293C9CE3005AC1CE /* MaaCore.xcframework in Frameworks */ = {isa = PBXBuildFile; fileRef = 831D2488293C9CE3005AC1CE /* MaaCore.xcframework */; };
		831D248A293C9CE3005AC1CE /* MaaCore.xcframework in Embed Frameworks */ = {isa = PBXBuildFile; fileRef = 831D2488293C9CE3005AC1CE /* MaaCore.xcframework */; settings = {ATTRIBUTES = (CodeSignOnCopy, RemoveHeadersOnCopy, ); }; };
		8334777A28F3A14A00499D0A /* ConnectionSettingsView.swift in Sources */ = {isa = PBXBuildFile; fileRef = 8334777928F3A14A00499D0A /* ConnectionSettingsView.swift */; };
		833786CF28F188D800D39D6F /* MeoAsstMacApp.swift in Sources */ = {isa = PBXBuildFile; fileRef = 833786CE28F188D800D39D6F /* MeoAsstMacApp.swift */; };
		833786D128F188D800D39D6F /* ContentView.swift in Sources */ = {isa = PBXBuildFile; fileRef = 833786D028F188D800D39D6F /* ContentView.swift */; };
		833786D328F188D900D39D6F /* Assets.xcassets in Resources */ = {isa = PBXBuildFile; fileRef = 833786D228F188D900D39D6F /* Assets.xcassets */; };
		833786D628F188D900D39D6F /* Preview Assets.xcassets in Resources */ = {isa = PBXBuildFile; fileRef = 833786D528F188D900D39D6F /* Preview Assets.xcassets */; };
		8337870228F1D95F00D39D6F /* Maa.swift in Sources */ = {isa = PBXBuildFile; fileRef = 8337870128F1D95F00D39D6F /* Maa.swift */; };
		8337870428F1D9D900D39D6F /* ManageView.swift in Sources */ = {isa = PBXBuildFile; fileRef = 8337870328F1D9D900D39D6F /* ManageView.swift */; };
		8337870628F1DA0500D39D6F /* SettingsView.swift in Sources */ = {isa = PBXBuildFile; fileRef = 8337870528F1DA0500D39D6F /* SettingsView.swift */; };
		8337871328F1E03C00D39D6F /* adb in Embed Helper Tools */ = {isa = PBXBuildFile; fileRef = 8337871128F1DFB900D39D6F /* adb */; settings = {ATTRIBUTES = (CodeSignOnCopy, ); }; };
		833F7B2A29A34C440001DB2D /* MaaDerpLearning.xcframework in Frameworks */ = {isa = PBXBuildFile; fileRef = 833F7B2929A34C430001DB2D /* MaaDerpLearning.xcframework */; };
		833F7B2B29A34C440001DB2D /* MaaDerpLearning.xcframework in Embed Frameworks */ = {isa = PBXBuildFile; fileRef = 833F7B2929A34C430001DB2D /* MaaDerpLearning.xcframework */; settings = {ATTRIBUTES = (CodeSignOnCopy, RemoveHeadersOnCopy, ); }; };
		8383EA2B28F2314E007DAB9D /* MaaTask.swift in Sources */ = {isa = PBXBuildFile; fileRef = 8383EA2A28F2314E007DAB9D /* MaaTask.swift */; };
		8383EA2D28F2AF23007DAB9D /* MaaMessage.swift in Sources */ = {isa = PBXBuildFile; fileRef = 8383EA2C28F2AF23007DAB9D /* MaaMessage.swift */; };
		8383EA2F28F2C5BD007DAB9D /* FightSettingsView.swift in Sources */ = {isa = PBXBuildFile; fileRef = 8383EA2E28F2C5BD007DAB9D /* FightSettingsView.swift */; };
		83D3283128F2E7A600018D10 /* RecruitSettingsView.swift in Sources */ = {isa = PBXBuildFile; fileRef = 83D3283028F2E7A600018D10 /* RecruitSettingsView.swift */; };
		83D3283328F2F1BE00018D10 /* MallSettingsView.swift in Sources */ = {isa = PBXBuildFile; fileRef = 83D3283228F2F1BE00018D10 /* MallSettingsView.swift */; };
		83D3283528F2F5CE00018D10 /* MaaInfrastFacility.swift in Sources */ = {isa = PBXBuildFile; fileRef = 83D3283428F2F5CE00018D10 /* MaaInfrastFacility.swift */; };
		83D3283728F2FA5B00018D10 /* InfrastSettingsView.swift in Sources */ = {isa = PBXBuildFile; fileRef = 83D3283628F2FA5B00018D10 /* InfrastSettingsView.swift */; };
		83D3283928F3048E00018D10 /* RoguelikeSettingsView.swift in Sources */ = {isa = PBXBuildFile; fileRef = 83D3283828F3048E00018D10 /* RoguelikeSettingsView.swift */; };
		83E9D137294B74440091D1FF /* OpenCV.xcframework in Frameworks */ = {isa = PBXBuildFile; fileRef = 83E9D133294B74230091D1FF /* OpenCV.xcframework */; };
		83E9D138294B74440091D1FF /* OpenCV.xcframework in Embed Frameworks */ = {isa = PBXBuildFile; fileRef = 83E9D133294B74230091D1FF /* OpenCV.xcframework */; settings = {ATTRIBUTES = (CodeSignOnCopy, RemoveHeadersOnCopy, ); }; };
		83E9D139294B74460091D1FF /* ONNXRuntime.xcframework in Frameworks */ = {isa = PBXBuildFile; fileRef = 83E9D135294B74270091D1FF /* ONNXRuntime.xcframework */; };
		83E9D13A294B74460091D1FF /* ONNXRuntime.xcframework in Embed Frameworks */ = {isa = PBXBuildFile; fileRef = 83E9D135294B74270091D1FF /* ONNXRuntime.xcframework */; settings = {ATTRIBUTES = (CodeSignOnCopy, RemoveHeadersOnCopy, ); }; };
		83FF5A9A2978563D000AE831 /* AutoPilotView.swift in Sources */ = {isa = PBXBuildFile; fileRef = 83FF5A992978563D000AE831 /* AutoPilotView.swift */; };
		83FF5A9C2978FE27000AE831 /* resource in Resources */ = {isa = PBXBuildFile; fileRef = 83FF5A9B2978FE27000AE831 /* resource */; };
/* End PBXBuildFile section */

/* Begin PBXCopyFilesBuildPhase section */
		83245A0528F467C400ED6D4C /* Embed Frameworks */ = {
			isa = PBXCopyFilesBuildPhase;
			buildActionMask = 2147483647;
			dstPath = "";
			dstSubfolderSpec = 10;
			files = (
				833F7B2B29A34C440001DB2D /* MaaDerpLearning.xcframework in Embed Frameworks */,
				831D248A293C9CE3005AC1CE /* MaaCore.xcframework in Embed Frameworks */,
				83E9D13A294B74460091D1FF /* ONNXRuntime.xcframework in Embed Frameworks */,
				83E9D138294B74440091D1FF /* OpenCV.xcframework in Embed Frameworks */,
			);
			name = "Embed Frameworks";
			runOnlyForDeploymentPostprocessing = 0;
		};
		8337870D28F1DD8800D39D6F /* Embed Helper Tools */ = {
			isa = PBXCopyFilesBuildPhase;
			buildActionMask = 2147483647;
			dstPath = "";
			dstSubfolderSpec = 6;
			files = (
				8337871328F1E03C00D39D6F /* adb in Embed Helper Tools */,
			);
			name = "Embed Helper Tools";
			runOnlyForDeploymentPostprocessing = 0;
		};
/* End PBXCopyFilesBuildPhase section */

/* Begin PBXFileReference section */
		8315B0BC290E48F300AE7FDC /* StartupSettingsView.swift */ = {isa = PBXFileReference; lastKnownFileType = sourcecode.swift; path = StartupSettingsView.swift; sourceTree = "<group>"; };
		831D2488293C9CE3005AC1CE /* MaaCore.xcframework */ = {isa = PBXFileReference; lastKnownFileType = wrapper.xcframework; name = MaaCore.xcframework; path = ../../build/MaaCore.xcframework; sourceTree = "<group>"; };
		8334777928F3A14A00499D0A /* ConnectionSettingsView.swift */ = {isa = PBXFileReference; lastKnownFileType = sourcecode.swift; path = ConnectionSettingsView.swift; sourceTree = "<group>"; };
		833786CB28F188D800D39D6F /* MAA.app */ = {isa = PBXFileReference; explicitFileType = wrapper.application; includeInIndex = 0; path = MAA.app; sourceTree = BUILT_PRODUCTS_DIR; };
		833786CE28F188D800D39D6F /* MeoAsstMacApp.swift */ = {isa = PBXFileReference; lastKnownFileType = sourcecode.swift; path = MeoAsstMacApp.swift; sourceTree = "<group>"; };
		833786D028F188D800D39D6F /* ContentView.swift */ = {isa = PBXFileReference; lastKnownFileType = sourcecode.swift; path = ContentView.swift; sourceTree = "<group>"; };
		833786D228F188D900D39D6F /* Assets.xcassets */ = {isa = PBXFileReference; lastKnownFileType = folder.assetcatalog; path = Assets.xcassets; sourceTree = "<group>"; };
		833786D528F188D900D39D6F /* Preview Assets.xcassets */ = {isa = PBXFileReference; lastKnownFileType = folder.assetcatalog; path = "Preview Assets.xcassets"; sourceTree = "<group>"; };
		833786D728F188D900D39D6F /* MeoAsstMac.entitlements */ = {isa = PBXFileReference; lastKnownFileType = text.plist.entitlements; path = MeoAsstMac.entitlements; sourceTree = "<group>"; };
		8337870128F1D95F00D39D6F /* Maa.swift */ = {isa = PBXFileReference; lastKnownFileType = sourcecode.swift; path = Maa.swift; sourceTree = "<group>"; };
		8337870328F1D9D900D39D6F /* ManageView.swift */ = {isa = PBXFileReference; lastKnownFileType = sourcecode.swift; path = ManageView.swift; sourceTree = "<group>"; };
		8337870528F1DA0500D39D6F /* SettingsView.swift */ = {isa = PBXFileReference; lastKnownFileType = sourcecode.swift; path = SettingsView.swift; sourceTree = "<group>"; };
		8337871128F1DFB900D39D6F /* adb */ = {isa = PBXFileReference; lastKnownFileType = "compiled.mach-o.executable"; path = adb; sourceTree = "<group>"; };
		8337871228F1DFC100D39D6F /* adb.entitlements */ = {isa = PBXFileReference; lastKnownFileType = text.plist.entitlements; path = adb.entitlements; sourceTree = "<group>"; };
		833F7B2929A34C430001DB2D /* MaaDerpLearning.xcframework */ = {isa = PBXFileReference; lastKnownFileType = wrapper.xcframework; name = MaaDerpLearning.xcframework; path = ../../build/MaaDerpLearning.xcframework; sourceTree = "<group>"; };
		8383EA2A28F2314E007DAB9D /* MaaTask.swift */ = {isa = PBXFileReference; lastKnownFileType = sourcecode.swift; path = MaaTask.swift; sourceTree = "<group>"; };
		8383EA2C28F2AF23007DAB9D /* MaaMessage.swift */ = {isa = PBXFileReference; lastKnownFileType = sourcecode.swift; path = MaaMessage.swift; sourceTree = "<group>"; };
		8383EA2E28F2C5BD007DAB9D /* FightSettingsView.swift */ = {isa = PBXFileReference; lastKnownFileType = sourcecode.swift; path = FightSettingsView.swift; sourceTree = "<group>"; };
		83D3283028F2E7A600018D10 /* RecruitSettingsView.swift */ = {isa = PBXFileReference; lastKnownFileType = sourcecode.swift; path = RecruitSettingsView.swift; sourceTree = "<group>"; };
		83D3283228F2F1BE00018D10 /* MallSettingsView.swift */ = {isa = PBXFileReference; lastKnownFileType = sourcecode.swift; path = MallSettingsView.swift; sourceTree = "<group>"; };
		83D3283428F2F5CE00018D10 /* MaaInfrastFacility.swift */ = {isa = PBXFileReference; lastKnownFileType = sourcecode.swift; path = MaaInfrastFacility.swift; sourceTree = "<group>"; };
		83D3283628F2FA5B00018D10 /* InfrastSettingsView.swift */ = {isa = PBXFileReference; lastKnownFileType = sourcecode.swift; path = InfrastSettingsView.swift; sourceTree = "<group>"; };
		83D3283828F3048E00018D10 /* RoguelikeSettingsView.swift */ = {isa = PBXFileReference; lastKnownFileType = sourcecode.swift; path = RoguelikeSettingsView.swift; sourceTree = "<group>"; };
		83E9D133294B74230091D1FF /* OpenCV.xcframework */ = {isa = PBXFileReference; lastKnownFileType = wrapper.xcframework; name = OpenCV.xcframework; path = ../../build/OpenCV.xcframework; sourceTree = "<group>"; };
		83E9D135294B74270091D1FF /* ONNXRuntime.xcframework */ = {isa = PBXFileReference; lastKnownFileType = wrapper.xcframework; name = ONNXRuntime.xcframework; path = ../../build/ONNXRuntime.xcframework; sourceTree = "<group>"; };
		83FF5A992978563D000AE831 /* AutoPilotView.swift */ = {isa = PBXFileReference; lastKnownFileType = sourcecode.swift; path = AutoPilotView.swift; sourceTree = "<group>"; };
		83FF5A9B2978FE27000AE831 /* resource */ = {isa = PBXFileReference; lastKnownFileType = folder; name = resource; path = ../../../../resource; sourceTree = "<group>"; };
/* End PBXFileReference section */

/* Begin PBXFrameworksBuildPhase section */
		833786C828F188D800D39D6F /* Frameworks */ = {
			isa = PBXFrameworksBuildPhase;
			buildActionMask = 2147483647;
			files = (
				833F7B2A29A34C440001DB2D /* MaaDerpLearning.xcframework in Frameworks */,
				831D2489293C9CE3005AC1CE /* MaaCore.xcframework in Frameworks */,
				83E9D139294B74460091D1FF /* ONNXRuntime.xcframework in Frameworks */,
				83E9D137294B74440091D1FF /* OpenCV.xcframework in Frameworks */,
			);
			runOnlyForDeploymentPostprocessing = 0;
		};
/* End PBXFrameworksBuildPhase section */

/* Begin PBXGroup section */
		83245A0128F467C300ED6D4C /* Frameworks */ = {
			isa = PBXGroup;
			children = (
				831D2488293C9CE3005AC1CE /* MaaCore.xcframework */,
				833F7B2929A34C430001DB2D /* MaaDerpLearning.xcframework */,
				83E9D135294B74270091D1FF /* ONNXRuntime.xcframework */,
				83E9D133294B74230091D1FF /* OpenCV.xcframework */,
			);
			name = Frameworks;
			sourceTree = "<group>";
		};
		833786C228F188D800D39D6F = {
			isa = PBXGroup;
			children = (
				8337871028F1DF4A00D39D6F /* ExternalTools */,
				833786CD28F188D800D39D6F /* MeoAsstMac */,
				833786CC28F188D800D39D6F /* Products */,
				83245A0128F467C300ED6D4C /* Frameworks */,
			);
			sourceTree = "<group>";
		};
		833786CC28F188D800D39D6F /* Products */ = {
			isa = PBXGroup;
			children = (
				833786CB28F188D800D39D6F /* MAA.app */,
			);
			name = Products;
			sourceTree = "<group>";
		};
		833786CD28F188D800D39D6F /* MeoAsstMac */ = {
			isa = PBXGroup;
			children = (
				833786CE28F188D800D39D6F /* MeoAsstMacApp.swift */,
				833786D028F188D800D39D6F /* ContentView.swift */,
				8337870128F1D95F00D39D6F /* Maa.swift */,
				83D3283428F2F5CE00018D10 /* MaaInfrastFacility.swift */,
				8383EA2C28F2AF23007DAB9D /* MaaMessage.swift */,
				8383EA2A28F2314E007DAB9D /* MaaTask.swift */,
				8337870328F1D9D900D39D6F /* ManageView.swift */,
				83FF5A992978563D000AE831 /* AutoPilotView.swift */,
				83FF5A98297855E5000AE831 /* Settings */,
				833786D228F188D900D39D6F /* Assets.xcassets */,
				833786D728F188D900D39D6F /* MeoAsstMac.entitlements */,
				8337870728F1DA7B00D39D6F /* Resources */,
				833786D428F188D900D39D6F /* Preview Content */,
			);
			path = MeoAsstMac;
			sourceTree = "<group>";
		};
		833786D428F188D900D39D6F /* Preview Content */ = {
			isa = PBXGroup;
			children = (
				833786D528F188D900D39D6F /* Preview Assets.xcassets */,
			);
			path = "Preview Content";
			sourceTree = "<group>";
		};
		8337870728F1DA7B00D39D6F /* Resources */ = {
			isa = PBXGroup;
			children = (
				83FF5A9B2978FE27000AE831 /* resource */,
			);
			path = Resources;
			sourceTree = "<group>";
		};
		8337871028F1DF4A00D39D6F /* ExternalTools */ = {
			isa = PBXGroup;
			children = (
				8337871128F1DFB900D39D6F /* adb */,
				8337871228F1DFC100D39D6F /* adb.entitlements */,
			);
			path = ExternalTools;
			sourceTree = "<group>";
		};
		83FF5A98297855E5000AE831 /* Settings */ = {
			isa = PBXGroup;
			children = (
				8337870528F1DA0500D39D6F /* SettingsView.swift */,
				83D3283628F2FA5B00018D10 /* InfrastSettingsView.swift */,
				8315B0BC290E48F300AE7FDC /* StartupSettingsView.swift */,
				83D3283828F3048E00018D10 /* RoguelikeSettingsView.swift */,
				8383EA2E28F2C5BD007DAB9D /* FightSettingsView.swift */,
				83D3283028F2E7A600018D10 /* RecruitSettingsView.swift */,
				83D3283228F2F1BE00018D10 /* MallSettingsView.swift */,
				8334777928F3A14A00499D0A /* ConnectionSettingsView.swift */,
			);
			path = Settings;
			sourceTree = "<group>";
		};
/* End PBXGroup section */

/* Begin PBXNativeTarget section */
		833786CA28F188D800D39D6F /* MAA */ = {
			isa = PBXNativeTarget;
			buildConfigurationList = 833786DA28F188D900D39D6F /* Build configuration list for PBXNativeTarget "MAA" */;
			buildPhases = (
				833786C728F188D800D39D6F /* Sources */,
				833786C828F188D800D39D6F /* Frameworks */,
				833786C928F188D800D39D6F /* Resources */,
				83245A0528F467C400ED6D4C /* Embed Frameworks */,
				8337870D28F1DD8800D39D6F /* Embed Helper Tools */,
			);
			buildRules = (
			);
			dependencies = (
			);
			name = MAA;
			packageProductDependencies = (
			);
			productName = MeoAsstMac;
			productReference = 833786CB28F188D800D39D6F /* MAA.app */;
			productType = "com.apple.product-type.application";
		};
/* End PBXNativeTarget section */

/* Begin PBXProject section */
		833786C328F188D800D39D6F /* Project object */ = {
			isa = PBXProject;
			attributes = {
				BuildIndependentTargetsInParallel = 1;
				LastSwiftUpdateCheck = 1400;
				LastUpgradeCheck = 1420;
				TargetAttributes = {
					833786CA28F188D800D39D6F = {
						CreatedOnToolsVersion = 14.0.1;
					};
				};
			};
			buildConfigurationList = 833786C628F188D800D39D6F /* Build configuration list for PBXProject "MeoAsstMac" */;
			compatibilityVersion = "Xcode 13.0";
			developmentRegion = "zh-Hans";
			hasScannedForEncodings = 0;
			knownRegions = (
				en,
				Base,
				"zh-Hans",
			);
			mainGroup = 833786C228F188D800D39D6F;
			packageReferences = (
			);
			productRefGroup = 833786CC28F188D800D39D6F /* Products */;
			projectDirPath = "";
			projectRoot = "";
			targets = (
				833786CA28F188D800D39D6F /* MAA */,
			);
		};
/* End PBXProject section */

/* Begin PBXResourcesBuildPhase section */
		833786C928F188D800D39D6F /* Resources */ = {
			isa = PBXResourcesBuildPhase;
			buildActionMask = 2147483647;
			files = (
				83FF5A9C2978FE27000AE831 /* resource in Resources */,
				833786D628F188D900D39D6F /* Preview Assets.xcassets in Resources */,
				833786D328F188D900D39D6F /* Assets.xcassets in Resources */,
			);
			runOnlyForDeploymentPostprocessing = 0;
		};
/* End PBXResourcesBuildPhase section */

/* Begin PBXSourcesBuildPhase section */
		833786C728F188D800D39D6F /* Sources */ = {
			isa = PBXSourcesBuildPhase;
			buildActionMask = 2147483647;
			files = (
				8337870628F1DA0500D39D6F /* SettingsView.swift in Sources */,
				8334777A28F3A14A00499D0A /* ConnectionSettingsView.swift in Sources */,
				833786D128F188D800D39D6F /* ContentView.swift in Sources */,
				83FF5A9A2978563D000AE831 /* AutoPilotView.swift in Sources */,
				8315B0BD290E48F300AE7FDC /* StartupSettingsView.swift in Sources */,
				83D3283528F2F5CE00018D10 /* MaaInfrastFacility.swift in Sources */,
				83D3283328F2F1BE00018D10 /* MallSettingsView.swift in Sources */,
				8383EA2B28F2314E007DAB9D /* MaaTask.swift in Sources */,
				8383EA2F28F2C5BD007DAB9D /* FightSettingsView.swift in Sources */,
				83D3283728F2FA5B00018D10 /* InfrastSettingsView.swift in Sources */,
				8337870228F1D95F00D39D6F /* Maa.swift in Sources */,
				833786CF28F188D800D39D6F /* MeoAsstMacApp.swift in Sources */,
				83D3283128F2E7A600018D10 /* RecruitSettingsView.swift in Sources */,
				8337870428F1D9D900D39D6F /* ManageView.swift in Sources */,
				8383EA2D28F2AF23007DAB9D /* MaaMessage.swift in Sources */,
				83D3283928F3048E00018D10 /* RoguelikeSettingsView.swift in Sources */,
			);
			runOnlyForDeploymentPostprocessing = 0;
		};
/* End PBXSourcesBuildPhase section */

/* Begin XCBuildConfiguration section */
		833786D828F188D900D39D6F /* Debug */ = {
			isa = XCBuildConfiguration;
			buildSettings = {
				ALWAYS_SEARCH_USER_PATHS = NO;
				ARCHS = "$(ARCHS_STANDARD)";
				CLANG_ANALYZER_LOCALIZABILITY_NONLOCALIZED = YES;
				CLANG_ANALYZER_NONNULL = YES;
				CLANG_ANALYZER_NUMBER_OBJECT_CONVERSION = YES_AGGRESSIVE;
				CLANG_CXX_LANGUAGE_STANDARD = "gnu++20";
				CLANG_ENABLE_MODULES = YES;
				CLANG_ENABLE_OBJC_ARC = YES;
				CLANG_ENABLE_OBJC_WEAK = YES;
				CLANG_WARN_BLOCK_CAPTURE_AUTORELEASING = YES;
				CLANG_WARN_BOOL_CONVERSION = YES;
				CLANG_WARN_COMMA = YES;
				CLANG_WARN_CONSTANT_CONVERSION = YES;
				CLANG_WARN_DEPRECATED_OBJC_IMPLEMENTATIONS = YES;
				CLANG_WARN_DIRECT_OBJC_ISA_USAGE = YES_ERROR;
				CLANG_WARN_DOCUMENTATION_COMMENTS = YES;
				CLANG_WARN_EMPTY_BODY = YES;
				CLANG_WARN_ENUM_CONVERSION = YES;
				CLANG_WARN_INFINITE_RECURSION = YES;
				CLANG_WARN_INT_CONVERSION = YES;
				CLANG_WARN_NON_LITERAL_NULL_CONVERSION = YES;
				CLANG_WARN_OBJC_IMPLICIT_RETAIN_SELF = YES;
				CLANG_WARN_OBJC_LITERAL_CONVERSION = YES;
				CLANG_WARN_OBJC_ROOT_CLASS = YES_ERROR;
				CLANG_WARN_QUOTED_INCLUDE_IN_FRAMEWORK_HEADER = YES;
				CLANG_WARN_RANGE_LOOP_ANALYSIS = YES;
				CLANG_WARN_STRICT_PROTOTYPES = YES;
				CLANG_WARN_SUSPICIOUS_MOVE = YES;
				CLANG_WARN_UNGUARDED_AVAILABILITY = YES_AGGRESSIVE;
				CLANG_WARN_UNREACHABLE_CODE = YES;
				CLANG_WARN__DUPLICATE_METHOD_MATCH = YES;
				COPY_PHASE_STRIP = NO;
				DEAD_CODE_STRIPPING = YES;
				DEBUG_INFORMATION_FORMAT = dwarf;
				ENABLE_STRICT_OBJC_MSGSEND = YES;
				ENABLE_TESTABILITY = YES;
				GCC_C_LANGUAGE_STANDARD = gnu11;
				GCC_DYNAMIC_NO_PIC = NO;
				GCC_NO_COMMON_BLOCKS = YES;
				GCC_OPTIMIZATION_LEVEL = 0;
				GCC_PREPROCESSOR_DEFINITIONS = (
					"DEBUG=1",
					"$(inherited)",
				);
				GCC_WARN_64_TO_32_BIT_CONVERSION = YES;
				GCC_WARN_ABOUT_RETURN_TYPE = YES_ERROR;
				GCC_WARN_UNDECLARED_SELECTOR = YES;
				GCC_WARN_UNINITIALIZED_AUTOS = YES_AGGRESSIVE;
				GCC_WARN_UNUSED_FUNCTION = YES;
				GCC_WARN_UNUSED_VARIABLE = YES;
				MACOSX_DEPLOYMENT_TARGET = 12.0;
				MTL_ENABLE_DEBUG_INFO = INCLUDE_SOURCE;
				MTL_FAST_MATH = YES;
				ONLY_ACTIVE_ARCH = YES;
				SDKROOT = macosx;
				SWIFT_ACTIVE_COMPILATION_CONDITIONS = DEBUG;
				SWIFT_OPTIMIZATION_LEVEL = "-Onone";
			};
			name = Debug;
		};
		833786DB28F188D900D39D6F /* Debug */ = {
			isa = XCBuildConfiguration;
			buildSettings = {
				ASSETCATALOG_COMPILER_APPICON_NAME = AppIcon;
				ASSETCATALOG_COMPILER_GLOBAL_ACCENT_COLOR_NAME = AccentColor;
				CODE_SIGN_ENTITLEMENTS = MeoAsstMac/MeoAsstMac.entitlements;
				CODE_SIGN_IDENTITY = "Apple Development";
				CODE_SIGN_STYLE = Automatic;
				COMBINE_HIDPI_IMAGES = YES;
				CURRENT_PROJECT_VERSION = 1;
				DEAD_CODE_STRIPPING = YES;
				DEVELOPMENT_ASSET_PATHS = "\"MeoAsstMac/Preview Content\"";
				DEVELOPMENT_TEAM = 29V29Y67P2;
				ENABLE_HARDENED_RUNTIME = YES;
				ENABLE_PREVIEWS = YES;
				GENERATE_INFOPLIST_FILE = YES;
				INFOPLIST_KEY_NSHumanReadableCopyright = "";
				LD_RUNPATH_SEARCH_PATHS = (
					"$(inherited)",
					"@executable_path/../Frameworks",
				);
				MARKETING_VERSION = 1.0;
				PRODUCT_BUNDLE_IDENTIFIER = com.hguandl.MeoAsstMac;
				PRODUCT_NAME = "$(TARGET_NAME)";
				PROVISIONING_PROFILE_SPECIFIER = "";
				SWIFT_EMIT_LOC_STRINGS = YES;
				SWIFT_VERSION = 5.0;
			};
			name = Debug;
		};
		83E9D13D294B8C310091D1FF /* Release-arm64 */ = {
			isa = XCBuildConfiguration;
			buildSettings = {
				ALWAYS_SEARCH_USER_PATHS = NO;
				ARCHS = arm64;
				CLANG_ANALYZER_LOCALIZABILITY_NONLOCALIZED = YES;
				CLANG_ANALYZER_NONNULL = YES;
				CLANG_ANALYZER_NUMBER_OBJECT_CONVERSION = YES_AGGRESSIVE;
				CLANG_CXX_LANGUAGE_STANDARD = "gnu++20";
				CLANG_ENABLE_MODULES = YES;
				CLANG_ENABLE_OBJC_ARC = YES;
				CLANG_ENABLE_OBJC_WEAK = YES;
				CLANG_WARN_BLOCK_CAPTURE_AUTORELEASING = YES;
				CLANG_WARN_BOOL_CONVERSION = YES;
				CLANG_WARN_COMMA = YES;
				CLANG_WARN_CONSTANT_CONVERSION = YES;
				CLANG_WARN_DEPRECATED_OBJC_IMPLEMENTATIONS = YES;
				CLANG_WARN_DIRECT_OBJC_ISA_USAGE = YES_ERROR;
				CLANG_WARN_DOCUMENTATION_COMMENTS = YES;
				CLANG_WARN_EMPTY_BODY = YES;
				CLANG_WARN_ENUM_CONVERSION = YES;
				CLANG_WARN_INFINITE_RECURSION = YES;
				CLANG_WARN_INT_CONVERSION = YES;
				CLANG_WARN_NON_LITERAL_NULL_CONVERSION = YES;
				CLANG_WARN_OBJC_IMPLICIT_RETAIN_SELF = YES;
				CLANG_WARN_OBJC_LITERAL_CONVERSION = YES;
				CLANG_WARN_OBJC_ROOT_CLASS = YES_ERROR;
				CLANG_WARN_QUOTED_INCLUDE_IN_FRAMEWORK_HEADER = YES;
				CLANG_WARN_RANGE_LOOP_ANALYSIS = YES;
				CLANG_WARN_STRICT_PROTOTYPES = YES;
				CLANG_WARN_SUSPICIOUS_MOVE = YES;
				CLANG_WARN_UNGUARDED_AVAILABILITY = YES_AGGRESSIVE;
				CLANG_WARN_UNREACHABLE_CODE = YES;
				CLANG_WARN__DUPLICATE_METHOD_MATCH = YES;
				COPY_PHASE_STRIP = NO;
				DEAD_CODE_STRIPPING = YES;
				DEBUG_INFORMATION_FORMAT = "dwarf-with-dsym";
				ENABLE_NS_ASSERTIONS = NO;
				ENABLE_STRICT_OBJC_MSGSEND = YES;
				GCC_C_LANGUAGE_STANDARD = gnu11;
				GCC_NO_COMMON_BLOCKS = YES;
				GCC_WARN_64_TO_32_BIT_CONVERSION = YES;
				GCC_WARN_ABOUT_RETURN_TYPE = YES_ERROR;
				GCC_WARN_UNDECLARED_SELECTOR = YES;
				GCC_WARN_UNINITIALIZED_AUTOS = YES_AGGRESSIVE;
				GCC_WARN_UNUSED_FUNCTION = YES;
				GCC_WARN_UNUSED_VARIABLE = YES;
				MACOSX_DEPLOYMENT_TARGET = 12.0;
				MTL_ENABLE_DEBUG_INFO = NO;
				MTL_FAST_MATH = YES;
				SDKROOT = macosx;
				SWIFT_COMPILATION_MODE = wholemodule;
				SWIFT_OPTIMIZATION_LEVEL = "-O";
			};
			name = "Release-arm64";
		};
		83E9D13E294B8C310091D1FF /* Release-arm64 */ = {
			isa = XCBuildConfiguration;
			buildSettings = {
				ASSETCATALOG_COMPILER_APPICON_NAME = AppIcon;
				ASSETCATALOG_COMPILER_GLOBAL_ACCENT_COLOR_NAME = AccentColor;
				CODE_SIGN_ENTITLEMENTS = MeoAsstMac/MeoAsstMac.entitlements;
				CODE_SIGN_IDENTITY = "Apple Development";
				"CODE_SIGN_IDENTITY[sdk=macosx*]" = "Developer ID Application";
				CODE_SIGN_STYLE = Manual;
				COMBINE_HIDPI_IMAGES = YES;
				CURRENT_PROJECT_VERSION = 1;
				DEAD_CODE_STRIPPING = YES;
				DEVELOPMENT_ASSET_PATHS = "\"MeoAsstMac/Preview Content\"";
				DEVELOPMENT_TEAM = "";
				"DEVELOPMENT_TEAM[sdk=macosx*]" = 29V29Y67P2;
				ENABLE_HARDENED_RUNTIME = YES;
				ENABLE_PREVIEWS = YES;
				GENERATE_INFOPLIST_FILE = YES;
				INFOPLIST_KEY_NSHumanReadableCopyright = "";
				LD_RUNPATH_SEARCH_PATHS = (
					"$(inherited)",
					"@executable_path/../Frameworks",
				);
				MARKETING_VERSION = 1.0;
				PRODUCT_BUNDLE_IDENTIFIER = com.hguandl.MeoAsstMac;
				PRODUCT_NAME = "$(TARGET_NAME)";
				PROVISIONING_PROFILE_SPECIFIER = "";
				SWIFT_EMIT_LOC_STRINGS = YES;
				SWIFT_VERSION = 5.0;
			};
			name = "Release-arm64";
		};
		83E9D13F294B8C3E0091D1FF /* Release-x86_64 */ = {
			isa = XCBuildConfiguration;
			buildSettings = {
				ALWAYS_SEARCH_USER_PATHS = NO;
				ARCHS = x86_64;
				CLANG_ANALYZER_LOCALIZABILITY_NONLOCALIZED = YES;
				CLANG_ANALYZER_NONNULL = YES;
				CLANG_ANALYZER_NUMBER_OBJECT_CONVERSION = YES_AGGRESSIVE;
				CLANG_CXX_LANGUAGE_STANDARD = "gnu++20";
				CLANG_ENABLE_MODULES = YES;
				CLANG_ENABLE_OBJC_ARC = YES;
				CLANG_ENABLE_OBJC_WEAK = YES;
				CLANG_WARN_BLOCK_CAPTURE_AUTORELEASING = YES;
				CLANG_WARN_BOOL_CONVERSION = YES;
				CLANG_WARN_COMMA = YES;
				CLANG_WARN_CONSTANT_CONVERSION = YES;
				CLANG_WARN_DEPRECATED_OBJC_IMPLEMENTATIONS = YES;
				CLANG_WARN_DIRECT_OBJC_ISA_USAGE = YES_ERROR;
				CLANG_WARN_DOCUMENTATION_COMMENTS = YES;
				CLANG_WARN_EMPTY_BODY = YES;
				CLANG_WARN_ENUM_CONVERSION = YES;
				CLANG_WARN_INFINITE_RECURSION = YES;
				CLANG_WARN_INT_CONVERSION = YES;
				CLANG_WARN_NON_LITERAL_NULL_CONVERSION = YES;
				CLANG_WARN_OBJC_IMPLICIT_RETAIN_SELF = YES;
				CLANG_WARN_OBJC_LITERAL_CONVERSION = YES;
				CLANG_WARN_OBJC_ROOT_CLASS = YES_ERROR;
				CLANG_WARN_QUOTED_INCLUDE_IN_FRAMEWORK_HEADER = YES;
				CLANG_WARN_RANGE_LOOP_ANALYSIS = YES;
				CLANG_WARN_STRICT_PROTOTYPES = YES;
				CLANG_WARN_SUSPICIOUS_MOVE = YES;
				CLANG_WARN_UNGUARDED_AVAILABILITY = YES_AGGRESSIVE;
				CLANG_WARN_UNREACHABLE_CODE = YES;
				CLANG_WARN__DUPLICATE_METHOD_MATCH = YES;
				COPY_PHASE_STRIP = NO;
				DEAD_CODE_STRIPPING = YES;
				DEBUG_INFORMATION_FORMAT = "dwarf-with-dsym";
				ENABLE_NS_ASSERTIONS = NO;
				ENABLE_STRICT_OBJC_MSGSEND = YES;
				GCC_C_LANGUAGE_STANDARD = gnu11;
				GCC_NO_COMMON_BLOCKS = YES;
				GCC_WARN_64_TO_32_BIT_CONVERSION = YES;
				GCC_WARN_ABOUT_RETURN_TYPE = YES_ERROR;
				GCC_WARN_UNDECLARED_SELECTOR = YES;
				GCC_WARN_UNINITIALIZED_AUTOS = YES_AGGRESSIVE;
				GCC_WARN_UNUSED_FUNCTION = YES;
				GCC_WARN_UNUSED_VARIABLE = YES;
				MACOSX_DEPLOYMENT_TARGET = 12.0;
				MTL_ENABLE_DEBUG_INFO = NO;
				MTL_FAST_MATH = YES;
				SDKROOT = macosx;
				SWIFT_COMPILATION_MODE = wholemodule;
				SWIFT_OPTIMIZATION_LEVEL = "-O";
			};
			name = "Release-x86_64";
		};
		83E9D140294B8C3E0091D1FF /* Release-x86_64 */ = {
			isa = XCBuildConfiguration;
			buildSettings = {
				ASSETCATALOG_COMPILER_APPICON_NAME = AppIcon;
				ASSETCATALOG_COMPILER_GLOBAL_ACCENT_COLOR_NAME = AccentColor;
				CODE_SIGN_ENTITLEMENTS = MeoAsstMac/MeoAsstMac.entitlements;
				CODE_SIGN_IDENTITY = "Apple Development";
				"CODE_SIGN_IDENTITY[sdk=macosx*]" = "Developer ID Application";
				CODE_SIGN_STYLE = Manual;
				COMBINE_HIDPI_IMAGES = YES;
				CURRENT_PROJECT_VERSION = 1;
				DEAD_CODE_STRIPPING = YES;
				DEVELOPMENT_ASSET_PATHS = "\"MeoAsstMac/Preview Content\"";
				DEVELOPMENT_TEAM = "";
				"DEVELOPMENT_TEAM[sdk=macosx*]" = 29V29Y67P2;
				ENABLE_HARDENED_RUNTIME = YES;
				ENABLE_PREVIEWS = YES;
				GENERATE_INFOPLIST_FILE = YES;
				INFOPLIST_KEY_NSHumanReadableCopyright = "";
				LD_RUNPATH_SEARCH_PATHS = (
					"$(inherited)",
					"@executable_path/../Frameworks",
				);
				MARKETING_VERSION = 1.0;
				PRODUCT_BUNDLE_IDENTIFIER = com.hguandl.MeoAsstMac;
				PRODUCT_NAME = "$(TARGET_NAME)";
				PROVISIONING_PROFILE_SPECIFIER = "";
				SWIFT_EMIT_LOC_STRINGS = YES;
				SWIFT_VERSION = 5.0;
			};
			name = "Release-x86_64";
		};
/* End XCBuildConfiguration section */

/* Begin XCConfigurationList section */
		833786C628F188D800D39D6F /* Build configuration list for PBXProject "MeoAsstMac" */ = {
			isa = XCConfigurationList;
			buildConfigurations = (
				833786D828F188D900D39D6F /* Debug */,
				83E9D13F294B8C3E0091D1FF /* Release-x86_64 */,
				83E9D13D294B8C310091D1FF /* Release-arm64 */,
			);
			defaultConfigurationIsVisible = 0;
			defaultConfigurationName = Debug;
		};
		833786DA28F188D900D39D6F /* Build configuration list for PBXNativeTarget "MAA" */ = {
			isa = XCConfigurationList;
			buildConfigurations = (
				833786DB28F188D900D39D6F /* Debug */,
				83E9D140294B8C3E0091D1FF /* Release-x86_64 */,
				83E9D13E294B8C310091D1FF /* Release-arm64 */,
			);
			defaultConfigurationIsVisible = 0;
			defaultConfigurationName = Debug;
		};
/* End XCConfigurationList section */
	};
	rootObject = 833786C328F188D800D39D6F /* Project object */;
}
